// !$*UTF8*$!
{
	archiveVersion = 1;
	classes = {
	};
	objectVersion = 46;
	objects = {

/* Begin PBXAggregateTarget section */
		A412DCB7B83B99BD245F10FA /* MyDelayPlugin - All */ = {
			isa = PBXAggregateTarget;
			buildConfigurationList = CA2473A636E511FC97145F55;
			buildPhases = (
			);
			dependencies = (
				245AABF423B98D6D6FB5B8D6,
				6655562A9CB1BA79FB3B95E8,
				C94049887D6DF57E562F4D7D,
				575897585978E94570C8327B,
				173392877CA47B6CD02FE44D,
			);
			name = "MyDelayPlugin - All";
			productName = MyDelayPlugin;
		};
/* End PBXAggregateTarget section */

/* Begin PBXBuildFile section */
		052BDC2BEA1ECBEC3B91095B /* PluginProcessor.cpp */ = {isa = PBXBuildFile; fileRef = 95EB9CD3ABE8742ABC25368B; };
		0C81CA96594A24DDD9161F08 /* IOKit.framework */ = {isa = PBXBuildFile; fileRef = DCFE910432DDF3D2B61DF0C3; };
		118F0ADE3B5F695EA81C21DF /* include_juce_audio_plugin_client_ARA.cpp */ = {isa = PBXBuildFile; fileRef = 70099B4764EE241B69A04E1F; };
		141A355EED6996A4AD8AAD77 /* CoreMIDI.framework */ = {isa = PBXBuildFile; fileRef = 9823D12A12050E0F2CB956EB; };
		1AA6288BE8421B30C2505742 /* CoreAudioKit.framework */ = {isa = PBXBuildFile; fileRef = A9D6179713A38F9EEAF18945; };
		1B40C1BCEABC6FD95AA200F9 /* Shared Code */ = {isa = PBXBuildFile; fileRef = 7B79316D551AF4B15B654701; };
		1BF9EE17B2AFECEBA39BC38C /* include_juce_gui_extra.mm */ = {isa = PBXBuildFile; fileRef = 8B7CC09DE69295D8EF0A10DA; };
		1DCC57BE8AEF47C5EE4E939B /* VU_Meter.cpp */ = {isa = PBXBuildFile; fileRef = 345A64858C33F2FBD8AC335B; };
		1E18CF51FD94D60006FB6576 /* ParameterButton.cpp */ = {isa = PBXBuildFile; fileRef = 1F0F29DD99355CE3F09BB527; };
		269C86C9FB3EAFB77D63CE9F /* DiscRecording.framework */ = {isa = PBXBuildFile; fileRef = 44E8958AA9CE10A7D6CE75A6; };
		2B0D76B439BE545EE5DC2183 /* PluginEditor.cpp */ = {isa = PBXBuildFile; fileRef = E09F9C5228329CF2B02CA216; };
		34F33C7A405F944F95DDF66C /* include_juce_events.mm */ = {isa = PBXBuildFile; fileRef = F67B021598FE3A397528535A; };
		365FFF046D413036D09398F1 /* Security.framework */ = {isa = PBXBuildFile; fileRef = 63B4B5DA2A7DD30F481895A3; };
		3725140985F0064D54BEA283 /* VST3 Manifest Helper */ = {isa = PBXBuildFile; fileRef = BB49F3F26EE8B6306F53528A; };
		3892463F71D667F3FD3EE967 /* Gain_Panel.cpp */ = {isa = PBXBuildFile; fileRef = 92A5DF4D8FCA5026268ABBA4; };
		398F902E5B47D0F052EC17D8 /* include_juce_audio_utils.mm */ = {isa = PBXBuildFile; fileRef = C4BDC6648618A202D6258BC2; };
		3A5A8C10947CC814A548F65A /* include_juce_cryptography.mm */ = {isa = PBXBuildFile; fileRef = C35EF3AF03DD54531DC05A82; };
		3B3D84636BB3D9053DC2B479 /* Panel_Base.cpp */ = {isa = PBXBuildFile; fileRef = 0CB92DF1C9581CDB50036E06; };
		3EFA9AC7AAA44ADEB844DE54 /* MetalKit.framework */ = {isa = PBXBuildFile; fileRef = A28AD8F570BE96763F389921; settings = { ATTRIBUTES = (Weak, ); }; };
		3F6C552091C84019AA1D6271 /* Preset_Manager.cpp */ = {isa = PBXBuildFile; fileRef = 90509626E970659DB06FA50F; };
		495A4E2DCBE50894600B156A /* include_juce_audio_plugin_client_Standalone.cpp */ = {isa = PBXBuildFile; fileRef = BDF454BA7C232796C6AD68EA; };
		4B092AD3FBDD0A572E9E6833 /* AU */ = {isa = PBXBuildFile; fileRef = 53B81009A5555D44DE635151; };
		4C28D55E29DEE2705110212D /* include_juce_audio_processors_lv2_libs.cpp */ = {isa = PBXBuildFile; fileRef = 2E2A885D50C89794C099D865; };
		4DB57DBB123E8D7B37982169 /* VST3 */ = {isa = PBXBuildFile; fileRef = 23663039A85C933F85446523; };
		655A8CCEB7838CB340EB1125 /* include_juce_graphics.mm */ = {isa = PBXBuildFile; fileRef = D41912BAE86FCAFD5C30CCFE; };
		6A555F4B57CBCE0964345E56 /* Gain.cpp */ = {isa = PBXBuildFile; fileRef = ADEA7CE297207E30B5C7D49C; };
		6AC9C8F1AC666494E8F9283D /* FX_Panel.cpp */ = {isa = PBXBuildFile; fileRef = 1BC4ACD9C6AE88DE676D14A2; };
		752423C4C97271850ACD7429 /* Main_Panel.cpp */ = {isa = PBXBuildFile; fileRef = 24508B4FBBF9CE8134433AB2; };
		7AE1A98FD49F050CC71FFF51 /* include_juce_audio_devices.mm */ = {isa = PBXBuildFile; fileRef = 8628E5A6D3EAF5861BC45C75; };
		7C876AE7B0CD5AFD5631653F /* include_juce_audio_formats.mm */ = {isa = PBXBuildFile; fileRef = 7112CFBE9A7AEB7B07A0C450; };
		7D0919A881721F6AE733BE54 /* Accelerate.framework */ = {isa = PBXBuildFile; fileRef = DED821E2F0F3DC72CA494ADB; };
		825A8850A2BCCC462A40858D /* include_juce_audio_processors.mm */ = {isa = PBXBuildFile; fileRef = 5027C1EE3A58386AC06EC89A; };
		829BADD68FB8CFD78A8625B2 /* Rotary_Slider.cpp */ = {isa = PBXBuildFile; fileRef = 52018B78A115ECF17268503D; };
		86632C840968EC04EB6A7678 /* include_juce_core_CompilationTime.cpp */ = {isa = PBXBuildFile; fileRef = 721483286464FD754B989A70; };
		86C3A005AEEAD9E72214C4ED /* Metal.framework */ = {isa = PBXBuildFile; fileRef = 9F3060DA59FE4D3A8CF25F40; settings = { ATTRIBUTES = (Weak, ); }; };
		8BD68A69439DAB08120AA466 /* juce_VST3ManifestHelper.mm */ = {isa = PBXBuildFile; fileRef = 5B032C83FF731EC7DEAADF7B; settings = { COMPILER_FLAGS = "-fobjc-arc -w -DJUCE_SKIP_PRECOMPILED_HEADER"; }; };
		8D2D4B236C84DD0CA0FE243E /* Slider_Text.cpp */ = {isa = PBXBuildFile; fileRef = 18599F81E58CA71908D8EB4A; };
		973BE3CCF0980D77D3200D7F /* include_juce_audio_basics.mm */ = {isa = PBXBuildFile; fileRef = 850A41736329CD579F2C39B4; };
		9E9D0FCFE0B2A1A484697068 /* include_juce_audio_plugin_client_AU_2.mm */ = {isa = PBXBuildFile; fileRef = AA2C653F3B7A46BEEB95F9F6; };
		A12373191ADF3C5911C76FC0 /* include_juce_graphics_Harfbuzz.cpp */ = {isa = PBXBuildFile; fileRef = F41545D2A6015EAE074A3D3F; };
		A4D22F0CF24AC4F261F74EC0 /* RecentFilesMenuTemplate.nib */ = {isa = PBXBuildFile; fileRef = 4C3E82F389DFBFB00C2F42FE; };
		AFBD63FE6F50F4184CBD39B9 /* QuartzCore.framework */ = {isa = PBXBuildFile; fileRef = DABA6A71317FD45FE87FB098; };
		B11BC501FF33FCC1C09D315B /* Cocoa.framework */ = {isa = PBXBuildFile; fileRef = FC80C5D8FB4C5190CE68A261; };
		B4D2CB52E1955C14A9F4D648 /* include_juce_core.mm */ = {isa = PBXBuildFile; fileRef = 7E91A97C07A01CB9D77D1A9C; };
		BBDEFFB6C4B82DDC1E77AFF9 /* CoreAudio.framework */ = {isa = PBXBuildFile; fileRef = 375233A329AF37F0D3A78726; };
		C0F9A72119ADE8336B84542B /* include_juce_audio_plugin_client_VST3.mm */ = {isa = PBXBuildFile; fileRef = 45B401B13E197AFB8727849E; };
		C40A769D514854FA5B9376FB /* Delay.cpp */ = {isa = PBXBuildFile; fileRef = BEA9766C10493D19355DF792; };
		CA6226A29D9C989BBC3B376D /* AudioToolbox.framework */ = {isa = PBXBuildFile; fileRef = 83092943C63A30D610D79640; };
		CEE72F36D42B5386887F888B /* include_juce_data_structures.mm */ = {isa = PBXBuildFile; fileRef = 47EFB4831678DB066BEB3ED6; };
		CFA1FC0C75AB05F0054FF621 /* WebKit.framework */ = {isa = PBXBuildFile; fileRef = ACAFD496452BF0F05BD14799; };
		E420EC8E4D06EF0F775F3A2F /* include_juce_opengl.mm */ = {isa = PBXBuildFile; fileRef = 5047DADBA2A1898582B0D7F1; };
		E692E680FCC84A7B7709252A /* include_juce_gui_basics.mm */ = {isa = PBXBuildFile; fileRef = D9ABFCC2B2F1FEA90F0AD7F4; };
		E842C461DBC2A5865B116B66 /* include_juce_audio_processors_ara.cpp */ = {isa = PBXBuildFile; fileRef = 8D45DCF8D4FC9B8193C15ECE; };
		E9D4C22749F73600F5FA8A19 /* AudioUnit.framework */ = {isa = PBXBuildFile; fileRef = 46A3641E5CCFAEF416357858; };
		EE0F5269A1F7FFE2AED5501D /* OpenGL.framework */ = {isa = PBXBuildFile; fileRef = B921FA398A54CC2D3AC73755; };
		F1AA9396DBB9746A3D09DB1E /* Standalone Plugin */ = {isa = PBXBuildFile; fileRef = E6084895EDEFB0341D5FE575; };
		F8816D3986D0508F666F354E /* include_juce_audio_plugin_client_AU_1.mm */ = {isa = PBXBuildFile; fileRef = 73E445E76BAD108526D93C0A; };
		FFB95C59D823895B0BE11EB4 /* Foundation.framework */ = {isa = PBXBuildFile; fileRef = 5A1294962622D1087D7F5E3B; };
/* End PBXBuildFile section */

/* Begin PBXFileReference section */
		0CB92DF1C9581CDB50036E06 /* Panel_Base.cpp */ /* Panel_Base.cpp */ = {isa = PBXFileReference; lastKnownFileType = sourcecode.cpp.cpp; name = Panel_Base.cpp; path = ../../Source/Panel_Base.cpp; sourceTree = SOURCE_ROOT; };
		0F42137EA79C419E9F062768 /* juce_data_structures */ /* juce_data_structures */ = {isa = PBXFileReference; lastKnownFileType = folder; name = juce_data_structures; path = "~/JUCE/modules/juce_data_structures"; sourceTree = "<absolute>"; };
		11B12E35D20675821FF33CD8 /* Main_Panel.h */ /* Main_Panel.h */ = {isa = PBXFileReference; lastKnownFileType = sourcecode.c.h; name = Main_Panel.h; path = ../../Source/Main_Panel.h; sourceTree = SOURCE_ROOT; };
		18599F81E58CA71908D8EB4A /* Slider_Text.cpp */ /* Slider_Text.cpp */ = {isa = PBXFileReference; lastKnownFileType = sourcecode.cpp.cpp; name = Slider_Text.cpp; path = ../../Source/Slider_Text.cpp; sourceTree = SOURCE_ROOT; };
		1BC4ACD9C6AE88DE676D14A2 /* FX_Panel.cpp */ /* FX_Panel.cpp */ = {isa = PBXFileReference; lastKnownFileType = sourcecode.cpp.cpp; name = FX_Panel.cpp; path = ../../Source/FX_Panel.cpp; sourceTree = SOURCE_ROOT; };
		1CB35C99E9D15D4F1F69DD2A /* Info-VST3.plist */ /* Info-VST3.plist */ = {isa = PBXFileReference; lastKnownFileType = text.plist.xml; name = "Info-VST3.plist"; path = "Info-VST3.plist"; sourceTree = SOURCE_ROOT; };
		1DEAAA32D97EC5F5D1FD5ACA /* juce_audio_basics */ /* juce_audio_basics */ = {isa = PBXFileReference; lastKnownFileType = folder; name = juce_audio_basics; path = "~/JUCE/modules/juce_audio_basics"; sourceTree = "<absolute>"; };
		1EC6A9543AE6FB0FEB05D6CA /* Delay.h */ /* Delay.h */ = {isa = PBXFileReference; lastKnownFileType = sourcecode.c.h; name = Delay.h; path = ../../Source/Delay.h; sourceTree = SOURCE_ROOT; };
		1F0F29DD99355CE3F09BB527 /* ParameterButton.cpp */ /* ParameterButton.cpp */ = {isa = PBXFileReference; lastKnownFileType = sourcecode.cpp.cpp; name = ParameterButton.cpp; path = ../../Source/ParameterButton.cpp; sourceTree = SOURCE_ROOT; };
		219D157D0F2794D59FE9FD67 /* AppConfig.h */ /* AppConfig.h */ = {isa = PBXFileReference; lastKnownFileType = sourcecode.c.h; name = AppConfig.h; path = ../../JuceLibraryCode/AppConfig.h; sourceTree = SOURCE_ROOT; };
		21B2C68648505AA0A0706748 /* TODO.h */ /* TODO.h */ = {isa = PBXFileReference; lastKnownFileType = sourcecode.c.h; name = TODO.h; path = ../../Source/TODO.h; sourceTree = SOURCE_ROOT; };
		23663039A85C933F85446523 /* VST3 */ = {isa = PBXFileReference; explicitFileType = wrapper.cfbundle; includeInIndex = 0; path = MyDelayPlugin.vst3; sourceTree = BUILT_PRODUCTS_DIR; };
		24508B4FBBF9CE8134433AB2 /* Main_Panel.cpp */ /* Main_Panel.cpp */ = {isa = PBXFileReference; lastKnownFileType = sourcecode.cpp.cpp; name = Main_Panel.cpp; path = ../../Source/Main_Panel.cpp; sourceTree = SOURCE_ROOT; };
		26A7FEAA064B98024CAFA940 /* juce_events */ /* juce_events */ = {isa = PBXFileReference; lastKnownFileType = folder; name = juce_events; path = "~/JUCE/modules/juce_events"; sourceTree = "<absolute>"; };
		2E2A885D50C89794C099D865 /* include_juce_audio_processors_lv2_libs.cpp */ /* include_juce_audio_processors_lv2_libs.cpp */ = {isa = PBXFileReference; lastKnownFileType = sourcecode.cpp.cpp; name = include_juce_audio_processors_lv2_libs.cpp; path = ../../JuceLibraryCode/include_juce_audio_processors_lv2_libs.cpp; sourceTree = SOURCE_ROOT; };
		310447DEF8E4C5C70D83367B /* Rotary_Slider.h */ /* Rotary_Slider.h */ = {isa = PBXFileReference; lastKnownFileType = sourcecode.c.h; name = Rotary_Slider.h; path = ../../Source/Rotary_Slider.h; sourceTree = SOURCE_ROOT; };
		345A64858C33F2FBD8AC335B /* VU_Meter.cpp */ /* VU_Meter.cpp */ = {isa = PBXFileReference; lastKnownFileType = sourcecode.cpp.cpp; name = VU_Meter.cpp; path = ../../Source/VU_Meter.cpp; sourceTree = SOURCE_ROOT; };
		349809BD8EB9A082D11D810E /* Info-VST3_Manifest_Helper.plist */ /* Info-VST3_Manifest_Helper.plist */ = {isa = PBXFileReference; lastKnownFileType = text.plist.xml; name = "Info-VST3_Manifest_Helper.plist"; path = "Info-VST3_Manifest_Helper.plist"; sourceTree = SOURCE_ROOT; };
		375233A329AF37F0D3A78726 /* CoreAudio.framework */ /* CoreAudio.framework */ = {isa = PBXFileReference; lastKnownFileType = wrapper.framework; name = CoreAudio.framework; path = System/Library/Frameworks/CoreAudio.framework; sourceTree = SDKROOT; };
		4075E7F45A4B277E998F524F /* juce_core */ /* juce_core */ = {isa = PBXFileReference; lastKnownFileType = folder; name = juce_core; path = "~/JUCE/modules/juce_core"; sourceTree = "<absolute>"; };
		44E8958AA9CE10A7D6CE75A6 /* DiscRecording.framework */ /* DiscRecording.framework */ = {isa = PBXFileReference; lastKnownFileType = wrapper.framework; name = DiscRecording.framework; path = System/Library/Frameworks/DiscRecording.framework; sourceTree = SDKROOT; };
		45B401B13E197AFB8727849E /* include_juce_audio_plugin_client_VST3.mm */ /* include_juce_audio_plugin_client_VST3.mm */ = {isa = PBXFileReference; lastKnownFileType = sourcecode.cpp.objcpp; name = include_juce_audio_plugin_client_VST3.mm; path = ../../JuceLibraryCode/include_juce_audio_plugin_client_VST3.mm; sourceTree = SOURCE_ROOT; };
		46A3641E5CCFAEF416357858 /* AudioUnit.framework */ /* AudioUnit.framework */ = {isa = PBXFileReference; lastKnownFileType = wrapper.framework; name = AudioUnit.framework; path = System/Library/Frameworks/AudioUnit.framework; sourceTree = SDKROOT; };
		47EFB4831678DB066BEB3ED6 /* include_juce_data_structures.mm */ /* include_juce_data_structures.mm */ = {isa = PBXFileReference; lastKnownFileType = sourcecode.cpp.objcpp; name = include_juce_data_structures.mm; path = ../../JuceLibraryCode/include_juce_data_structures.mm; sourceTree = SOURCE_ROOT; };
		4C3E82F389DFBFB00C2F42FE /* RecentFilesMenuTemplate.nib */ /* RecentFilesMenuTemplate.nib */ = {isa = PBXFileReference; lastKnownFileType = file.nib; name = RecentFilesMenuTemplate.nib; path = RecentFilesMenuTemplate.nib; sourceTree = SOURCE_ROOT; };
		5027C1EE3A58386AC06EC89A /* include_juce_audio_processors.mm */ /* include_juce_audio_processors.mm */ = {isa = PBXFileReference; lastKnownFileType = sourcecode.cpp.objcpp; name = include_juce_audio_processors.mm; path = ../../JuceLibraryCode/include_juce_audio_processors.mm; sourceTree = SOURCE_ROOT; };
		5047DADBA2A1898582B0D7F1 /* include_juce_opengl.mm */ /* include_juce_opengl.mm */ = {isa = PBXFileReference; lastKnownFileType = sourcecode.cpp.objcpp; name = include_juce_opengl.mm; path = ../../JuceLibraryCode/include_juce_opengl.mm; sourceTree = SOURCE_ROOT; };
		50C54F0DBF66E40E2B778328 /* MyLookAndFeel.h */ /* MyLookAndFeel.h */ = {isa = PBXFileReference; lastKnownFileType = sourcecode.c.h; name = MyLookAndFeel.h; path = ../../Source/MyLookAndFeel.h; sourceTree = SOURCE_ROOT; };
		514C43753448CFCCF1547755 /* Gain_Panel.h */ /* Gain_Panel.h */ = {isa = PBXFileReference; lastKnownFileType = sourcecode.c.h; name = Gain_Panel.h; path = ../../Source/Gain_Panel.h; sourceTree = SOURCE_ROOT; };
		52018B78A115ECF17268503D /* Rotary_Slider.cpp */ /* Rotary_Slider.cpp */ = {isa = PBXFileReference; lastKnownFileType = sourcecode.cpp.cpp; name = Rotary_Slider.cpp; path = ../../Source/Rotary_Slider.cpp; sourceTree = SOURCE_ROOT; };
		53B81009A5555D44DE635151 /* AU */ = {isa = PBXFileReference; explicitFileType = wrapper.cfbundle; includeInIndex = 0; path = MyDelayPlugin.component; sourceTree = BUILT_PRODUCTS_DIR; };
		57C2C014B9C13221D87326A0 /* PluginProcessor.h */ /* PluginProcessor.h */ = {isa = PBXFileReference; lastKnownFileType = sourcecode.c.h; name = PluginProcessor.h; path = ../../Source/PluginProcessor.h; sourceTree = SOURCE_ROOT; };
		5944E37D6D510F20EBC3B978 /* UIDemensions.h */ /* UIDemensions.h */ = {isa = PBXFileReference; lastKnownFileType = sourcecode.c.h; name = UIDemensions.h; path = ../../Source/UIDemensions.h; sourceTree = SOURCE_ROOT; };
		5A1294962622D1087D7F5E3B /* Foundation.framework */ /* Foundation.framework */ = {isa = PBXFileReference; lastKnownFileType = wrapper.framework; name = Foundation.framework; path = System/Library/Frameworks/Foundation.framework; sourceTree = SDKROOT; };
		5B032C83FF731EC7DEAADF7B /* juce_VST3ManifestHelper.mm */ /* juce_VST3ManifestHelper.mm */ = {isa = PBXFileReference; lastKnownFileType = sourcecode.cpp.objcpp; name = juce_VST3ManifestHelper.mm; path = "$(HOME)/JUCE/modules/juce_audio_plugin_client/VST3/juce_VST3ManifestHelper.mm"; sourceTree = "<absolute>"; };
		5CE6534202DB39BF1508889B /* PluginEditor.h */ /* PluginEditor.h */ = {isa = PBXFileReference; lastKnownFileType = sourcecode.c.h; name = PluginEditor.h; path = ../../Source/PluginEditor.h; sourceTree = SOURCE_ROOT; };
		63B4B5DA2A7DD30F481895A3 /* Security.framework */ /* Security.framework */ = {isa = PBXFileReference; lastKnownFileType = wrapper.framework; name = Security.framework; path = System/Library/Frameworks/Security.framework; sourceTree = SDKROOT; };
		69E111259733B52C9E0E25FA /* Info-AU.plist */ /* Info-AU.plist */ = {isa = PBXFileReference; lastKnownFileType = text.plist.xml; name = "Info-AU.plist"; path = "Info-AU.plist"; sourceTree = SOURCE_ROOT; };
		6AAFB05A1AB14DFED1B3CA15 /* juce_gui_basics */ /* juce_gui_basics */ = {isa = PBXFileReference; lastKnownFileType = folder; name = juce_gui_basics; path = "~/JUCE/modules/juce_gui_basics"; sourceTree = "<absolute>"; };
		70099B4764EE241B69A04E1F /* include_juce_audio_plugin_client_ARA.cpp */ /* include_juce_audio_plugin_client_ARA.cpp */ = {isa = PBXFileReference; lastKnownFileType = sourcecode.cpp.cpp; name = include_juce_audio_plugin_client_ARA.cpp; path = ../../JuceLibraryCode/include_juce_audio_plugin_client_ARA.cpp; sourceTree = SOURCE_ROOT; };
		7112CFBE9A7AEB7B07A0C450 /* include_juce_audio_formats.mm */ /* include_juce_audio_formats.mm */ = {isa = PBXFileReference; lastKnownFileType = sourcecode.cpp.objcpp; name = include_juce_audio_formats.mm; path = ../../JuceLibraryCode/include_juce_audio_formats.mm; sourceTree = SOURCE_ROOT; };
		721483286464FD754B989A70 /* include_juce_core_CompilationTime.cpp */ /* include_juce_core_CompilationTime.cpp */ = {isa = PBXFileReference; lastKnownFileType = sourcecode.cpp.cpp; name = include_juce_core_CompilationTime.cpp; path = ../../JuceLibraryCode/include_juce_core_CompilationTime.cpp; sourceTree = SOURCE_ROOT; };
		73E445E76BAD108526D93C0A /* include_juce_audio_plugin_client_AU_1.mm */ /* include_juce_audio_plugin_client_AU_1.mm */ = {isa = PBXFileReference; lastKnownFileType = sourcecode.cpp.objcpp; name = include_juce_audio_plugin_client_AU_1.mm; path = ../../JuceLibraryCode/include_juce_audio_plugin_client_AU_1.mm; sourceTree = SOURCE_ROOT; };
		757A36330B7F758DE2AE4726 /* juce_audio_plugin_client */ /* juce_audio_plugin_client */ = {isa = PBXFileReference; lastKnownFileType = folder; name = juce_audio_plugin_client; path = "~/JUCE/modules/juce_audio_plugin_client"; sourceTree = "<absolute>"; };
		7862BC6E4D81E8B72D8BCCF8 /* juce_audio_formats */ /* juce_audio_formats */ = {isa = PBXFileReference; lastKnownFileType = folder; name = juce_audio_formats; path = "~/JUCE/modules/juce_audio_formats"; sourceTree = "<absolute>"; };
		7B79316D551AF4B15B654701 /* Shared Code */ = {isa = PBXFileReference; explicitFileType = archive.ar; includeInIndex = 0; path = libMyDelayPlugin.a; sourceTree = BUILT_PRODUCTS_DIR; };
		7E91A97C07A01CB9D77D1A9C /* include_juce_core.mm */ /* include_juce_core.mm */ = {isa = PBXFileReference; lastKnownFileType = sourcecode.cpp.objcpp; name = include_juce_core.mm; path = ../../JuceLibraryCode/include_juce_core.mm; sourceTree = SOURCE_ROOT; };
		804BE7D5613851BDDC11CE90 /* FX_Panel.h */ /* FX_Panel.h */ = {isa = PBXFileReference; lastKnownFileType = sourcecode.c.h; name = FX_Panel.h; path = ../../Source/FX_Panel.h; sourceTree = SOURCE_ROOT; };
		83092943C63A30D610D79640 /* AudioToolbox.framework */ /* AudioToolbox.framework */ = {isa = PBXFileReference; lastKnownFileType = wrapper.framework; name = AudioToolbox.framework; path = System/Library/Frameworks/AudioToolbox.framework; sourceTree = SDKROOT; };
		850A41736329CD579F2C39B4 /* include_juce_audio_basics.mm */ /* include_juce_audio_basics.mm */ = {isa = PBXFileReference; lastKnownFileType = sourcecode.cpp.objcpp; name = include_juce_audio_basics.mm; path = ../../JuceLibraryCode/include_juce_audio_basics.mm; sourceTree = SOURCE_ROOT; };
		8628E5A6D3EAF5861BC45C75 /* include_juce_audio_devices.mm */ /* include_juce_audio_devices.mm */ = {isa = PBXFileReference; lastKnownFileType = sourcecode.cpp.objcpp; name = include_juce_audio_devices.mm; path = ../../JuceLibraryCode/include_juce_audio_devices.mm; sourceTree = SOURCE_ROOT; };
		87FCF1419506441A042563F8 /* ParameterButton.h */ /* ParameterButton.h */ = {isa = PBXFileReference; lastKnownFileType = sourcecode.c.h; name = ParameterButton.h; path = ../../Source/ParameterButton.h; sourceTree = SOURCE_ROOT; };
		8B7CC09DE69295D8EF0A10DA /* include_juce_gui_extra.mm */ /* include_juce_gui_extra.mm */ = {isa = PBXFileReference; lastKnownFileType = sourcecode.cpp.objcpp; name = include_juce_gui_extra.mm; path = ../../JuceLibraryCode/include_juce_gui_extra.mm; sourceTree = SOURCE_ROOT; };
		8D45DCF8D4FC9B8193C15ECE /* include_juce_audio_processors_ara.cpp */ /* include_juce_audio_processors_ara.cpp */ = {isa = PBXFileReference; lastKnownFileType = sourcecode.cpp.cpp; name = include_juce_audio_processors_ara.cpp; path = ../../JuceLibraryCode/include_juce_audio_processors_ara.cpp; sourceTree = SOURCE_ROOT; };
		8DF9041B8338B947FBA90CC0 /* juce_graphics */ /* juce_graphics */ = {isa = PBXFileReference; lastKnownFileType = folder; name = juce_graphics; path = "~/JUCE/modules/juce_graphics"; sourceTree = "<absolute>"; };
		90509626E970659DB06FA50F /* Preset_Manager.cpp */ /* Preset_Manager.cpp */ = {isa = PBXFileReference; lastKnownFileType = sourcecode.cpp.cpp; name = Preset_Manager.cpp; path = ../../Source/Preset_Manager.cpp; sourceTree = SOURCE_ROOT; };
		92A5DF4D8FCA5026268ABBA4 /* Gain_Panel.cpp */ /* Gain_Panel.cpp */ = {isa = PBXFileReference; lastKnownFileType = sourcecode.cpp.cpp; name = Gain_Panel.cpp; path = ../../Source/Gain_Panel.cpp; sourceTree = SOURCE_ROOT; };
		95EB9CD3ABE8742ABC25368B /* PluginProcessor.cpp */ /* PluginProcessor.cpp */ = {isa = PBXFileReference; lastKnownFileType = sourcecode.cpp.cpp; name = PluginProcessor.cpp; path = ../../Source/PluginProcessor.cpp; sourceTree = SOURCE_ROOT; };
		9823D12A12050E0F2CB956EB /* CoreMIDI.framework */ /* CoreMIDI.framework */ = {isa = PBXFileReference; lastKnownFileType = wrapper.framework; name = CoreMIDI.framework; path = System/Library/Frameworks/CoreMIDI.framework; sourceTree = SDKROOT; };
		9F3060DA59FE4D3A8CF25F40 /* Metal.framework */ /* Metal.framework */ = {isa = PBXFileReference; lastKnownFileType = wrapper.framework; name = Metal.framework; path = System/Library/Frameworks/Metal.framework; sourceTree = SDKROOT; };
		9F86C6044B404819BDC1E259 /* AudioHelpers.h */ /* AudioHelpers.h */ = {isa = PBXFileReference; lastKnownFileType = sourcecode.c.h; name = AudioHelpers.h; path = ../../Source/AudioHelpers.h; sourceTree = SOURCE_ROOT; };
		A0B3F6E62B399B33BE2A9FE2 /* Slider_Text.h */ /* Slider_Text.h */ = {isa = PBXFileReference; lastKnownFileType = sourcecode.c.h; name = Slider_Text.h; path = ../../Source/Slider_Text.h; sourceTree = SOURCE_ROOT; };
		A28AD8F570BE96763F389921 /* MetalKit.framework */ /* MetalKit.framework */ = {isa = PBXFileReference; lastKnownFileType = wrapper.framework; name = MetalKit.framework; path = System/Library/Frameworks/MetalKit.framework; sourceTree = SDKROOT; };
		A9D6179713A38F9EEAF18945 /* CoreAudioKit.framework */ /* CoreAudioKit.framework */ = {isa = PBXFileReference; lastKnownFileType = wrapper.framework; name = CoreAudioKit.framework; path = System/Library/Frameworks/CoreAudioKit.framework; sourceTree = SDKROOT; };
		AA2C653F3B7A46BEEB95F9F6 /* include_juce_audio_plugin_client_AU_2.mm */ /* include_juce_audio_plugin_client_AU_2.mm */ = {isa = PBXFileReference; lastKnownFileType = sourcecode.cpp.objcpp; name = include_juce_audio_plugin_client_AU_2.mm; path = ../../JuceLibraryCode/include_juce_audio_plugin_client_AU_2.mm; sourceTree = SOURCE_ROOT; };
		ACAFD496452BF0F05BD14799 /* WebKit.framework */ /* WebKit.framework */ = {isa = PBXFileReference; lastKnownFileType = wrapper.framework; name = WebKit.framework; path = System/Library/Frameworks/WebKit.framework; sourceTree = SDKROOT; };
		ADEA7CE297207E30B5C7D49C /* Gain.cpp */ /* Gain.cpp */ = {isa = PBXFileReference; lastKnownFileType = sourcecode.cpp.cpp; name = Gain.cpp; path = ../../Source/Gain.cpp; sourceTree = SOURCE_ROOT; };
		B2439C2D81B237B0DC4921E1 /* ParameterList.h */ /* ParameterList.h */ = {isa = PBXFileReference; lastKnownFileType = sourcecode.c.h; name = ParameterList.h; path = ../../Source/ParameterList.h; sourceTree = SOURCE_ROOT; };
		B2EA2E91EF86C5B1B99C4C40 /* Preset_Manager.h */ /* Preset_Manager.h */ = {isa = PBXFileReference; lastKnownFileType = sourcecode.c.h; name = Preset_Manager.h; path = ../../Source/Preset_Manager.h; sourceTree = SOURCE_ROOT; };
		B661B97A69CD8C4844905D50 /* JuceHeader.h */ /* JuceHeader.h */ = {isa = PBXFileReference; lastKnownFileType = sourcecode.c.h; name = JuceHeader.h; path = ../../JuceLibraryCode/JuceHeader.h; sourceTree = SOURCE_ROOT; };
		B921FA398A54CC2D3AC73755 /* OpenGL.framework */ /* OpenGL.framework */ = {isa = PBXFileReference; lastKnownFileType = wrapper.framework; name = OpenGL.framework; path = System/Library/Frameworks/OpenGL.framework; sourceTree = SDKROOT; };
		BB49F3F26EE8B6306F53528A /* VST3 Manifest Helper */ = {isa = PBXFileReference; explicitFileType = "compiled.mach-o.executable"; includeInIndex = 0; path = juce_vst3_helper; sourceTree = BUILT_PRODUCTS_DIR; };
		BDF454BA7C232796C6AD68EA /* include_juce_audio_plugin_client_Standalone.cpp */ /* include_juce_audio_plugin_client_Standalone.cpp */ = {isa = PBXFileReference; lastKnownFileType = sourcecode.cpp.cpp; name = include_juce_audio_plugin_client_Standalone.cpp; path = ../../JuceLibraryCode/include_juce_audio_plugin_client_Standalone.cpp; sourceTree = SOURCE_ROOT; };
		BEA9766C10493D19355DF792 /* Delay.cpp */ /* Delay.cpp */ = {isa = PBXFileReference; lastKnownFileType = sourcecode.cpp.cpp; name = Delay.cpp; path = ../../Source/Delay.cpp; sourceTree = SOURCE_ROOT; };
		BEAF26EFCE3242A7FE18B25C /* Gain.h */ /* Gain.h */ = {isa = PBXFileReference; lastKnownFileType = sourcecode.c.h; name = Gain.h; path = ../../Source/Gain.h; sourceTree = SOURCE_ROOT; };
		C35EF3AF03DD54531DC05A82 /* include_juce_cryptography.mm */ /* include_juce_cryptography.mm */ = {isa = PBXFileReference; lastKnownFileType = sourcecode.cpp.objcpp; name = include_juce_cryptography.mm; path = ../../JuceLibraryCode/include_juce_cryptography.mm; sourceTree = SOURCE_ROOT; };
		C4BDC6648618A202D6258BC2 /* include_juce_audio_utils.mm */ /* include_juce_audio_utils.mm */ = {isa = PBXFileReference; lastKnownFileType = sourcecode.cpp.objcpp; name = include_juce_audio_utils.mm; path = ../../JuceLibraryCode/include_juce_audio_utils.mm; sourceTree = SOURCE_ROOT; };
		C6372D1E09FAE0C995AFB25D /* JucePluginDefines.h */ /* JucePluginDefines.h */ = {isa = PBXFileReference; lastKnownFileType = sourcecode.c.h; name = JucePluginDefines.h; path = ../../JuceLibraryCode/JucePluginDefines.h; sourceTree = SOURCE_ROOT; };
		CCC306201549EF332C22272B /* juce_audio_processors */ /* juce_audio_processors */ = {isa = PBXFileReference; lastKnownFileType = folder; name = juce_audio_processors; path = "~/JUCE/modules/juce_audio_processors"; sourceTree = "<absolute>"; };
		CDBB68B8F500ECE2D441DF7A /* juce_gui_extra */ /* juce_gui_extra */ = {isa = PBXFileReference; lastKnownFileType = folder; name = juce_gui_extra; path = "~/JUCE/modules/juce_gui_extra"; sourceTree = "<absolute>"; };
		D3175EDEE6D1190CF7FC70AE /* VU_Meter.h */ /* VU_Meter.h */ = {isa = PBXFileReference; lastKnownFileType = sourcecode.c.h; name = VU_Meter.h; path = ../../Source/VU_Meter.h; sourceTree = SOURCE_ROOT; };
		D41912BAE86FCAFD5C30CCFE /* include_juce_graphics.mm */ /* include_juce_graphics.mm */ = {isa = PBXFileReference; lastKnownFileType = sourcecode.cpp.objcpp; name = include_juce_graphics.mm; path = ../../JuceLibraryCode/include_juce_graphics.mm; sourceTree = SOURCE_ROOT; };
		D9ABFCC2B2F1FEA90F0AD7F4 /* include_juce_gui_basics.mm */ /* include_juce_gui_basics.mm */ = {isa = PBXFileReference; lastKnownFileType = sourcecode.cpp.objcpp; name = include_juce_gui_basics.mm; path = ../../JuceLibraryCode/include_juce_gui_basics.mm; sourceTree = SOURCE_ROOT; };
		DABA6A71317FD45FE87FB098 /* QuartzCore.framework */ /* QuartzCore.framework */ = {isa = PBXFileReference; lastKnownFileType = wrapper.framework; name = QuartzCore.framework; path = System/Library/Frameworks/QuartzCore.framework; sourceTree = SDKROOT; };
		DCFE910432DDF3D2B61DF0C3 /* IOKit.framework */ /* IOKit.framework */ = {isa = PBXFileReference; lastKnownFileType = wrapper.framework; name = IOKit.framework; path = System/Library/Frameworks/IOKit.framework; sourceTree = SDKROOT; };
		DE97B752A21513D858B308C9 /* Info-Standalone_Plugin.plist */ /* Info-Standalone_Plugin.plist */ = {isa = PBXFileReference; lastKnownFileType = text.plist.xml; name = "Info-Standalone_Plugin.plist"; path = "Info-Standalone_Plugin.plist"; sourceTree = SOURCE_ROOT; };
		DED821E2F0F3DC72CA494ADB /* Accelerate.framework */ /* Accelerate.framework */ = {isa = PBXFileReference; lastKnownFileType = wrapper.framework; name = Accelerate.framework; path = System/Library/Frameworks/Accelerate.framework; sourceTree = SDKROOT; };
		E09F9C5228329CF2B02CA216 /* PluginEditor.cpp */ /* PluginEditor.cpp */ = {isa = PBXFileReference; lastKnownFileType = sourcecode.cpp.cpp; name = PluginEditor.cpp; path = ../../Source/PluginEditor.cpp; sourceTree = SOURCE_ROOT; };
		E146BDCE89CE22253BB47550 /* juce_audio_utils */ /* juce_audio_utils */ = {isa = PBXFileReference; lastKnownFileType = folder; name = juce_audio_utils; path = "~/JUCE/modules/juce_audio_utils"; sourceTree = "<absolute>"; };
		E6084895EDEFB0341D5FE575 /* Standalone Plugin */ = {isa = PBXFileReference; explicitFileType = wrapper.application; includeInIndex = 0; path = MyDelayPlugin.app; sourceTree = BUILT_PRODUCTS_DIR; };
		EA63E41FCBBC14E726571FAC /* juce_cryptography */ /* juce_cryptography */ = {isa = PBXFileReference; lastKnownFileType = folder; name = juce_cryptography; path = "~/JUCE/modules/juce_cryptography"; sourceTree = "<absolute>"; };
		F297D13C76C549A7D34ADA65 /* Panel_Base.h */ /* Panel_Base.h */ = {isa = PBXFileReference; lastKnownFileType = sourcecode.c.h; name = Panel_Base.h; path = ../../Source/Panel_Base.h; sourceTree = SOURCE_ROOT; };
		F2E418F52E55243C50EB50DB /* juce_opengl */ /* juce_opengl */ = {isa = PBXFileReference; lastKnownFileType = folder; name = juce_opengl; path = "~/JUCE/modules/juce_opengl"; sourceTree = "<absolute>"; };
		F41545D2A6015EAE074A3D3F /* include_juce_graphics_Harfbuzz.cpp */ /* include_juce_graphics_Harfbuzz.cpp */ = {isa = PBXFileReference; lastKnownFileType = sourcecode.cpp.cpp; name = include_juce_graphics_Harfbuzz.cpp; path = ../../JuceLibraryCode/include_juce_graphics_Harfbuzz.cpp; sourceTree = SOURCE_ROOT; };
		F67B021598FE3A397528535A /* include_juce_events.mm */ /* include_juce_events.mm */ = {isa = PBXFileReference; lastKnownFileType = sourcecode.cpp.objcpp; name = include_juce_events.mm; path = ../../JuceLibraryCode/include_juce_events.mm; sourceTree = SOURCE_ROOT; };
		FBA78DE3830FCBC7CED80AB2 /* juce_audio_devices */ /* juce_audio_devices */ = {isa = PBXFileReference; lastKnownFileType = folder; name = juce_audio_devices; path = "~/JUCE/modules/juce_audio_devices"; sourceTree = "<absolute>"; };
		FC80C5D8FB4C5190CE68A261 /* Cocoa.framework */ /* Cocoa.framework */ = {isa = PBXFileReference; lastKnownFileType = wrapper.framework; name = Cocoa.framework; path = System/Library/Frameworks/Cocoa.framework; sourceTree = SDKROOT; };
/* End PBXFileReference section */

/* Begin PBXFrameworksBuildPhase section */
		001E98CC71A62405E2DBB776 = {
			isa = PBXFrameworksBuildPhase;
			buildActionMask = 2147483647;
			files = (
				7D0919A881721F6AE733BE54,
				CA6226A29D9C989BBC3B376D,
				B11BC501FF33FCC1C09D315B,
				BBDEFFB6C4B82DDC1E77AFF9,
				1AA6288BE8421B30C2505742,
				141A355EED6996A4AD8AAD77,
				269C86C9FB3EAFB77D63CE9F,
				FFB95C59D823895B0BE11EB4,
				0C81CA96594A24DDD9161F08,
				EE0F5269A1F7FFE2AED5501D,
				AFBD63FE6F50F4184CBD39B9,
				365FFF046D413036D09398F1,
				CFA1FC0C75AB05F0054FF621,
				86C3A005AEEAD9E72214C4ED,
				3EFA9AC7AAA44ADEB844DE54,
			);
			runOnlyForDeploymentPostprocessing = 0;
		};
		4BF6271BB2D69BE9EB077645 = {
			isa = PBXFrameworksBuildPhase;
			buildActionMask = 2147483647;
			files = (
				7D0919A881721F6AE733BE54,
				CA6226A29D9C989BBC3B376D,
				B11BC501FF33FCC1C09D315B,
				BBDEFFB6C4B82DDC1E77AFF9,
				1AA6288BE8421B30C2505742,
				141A355EED6996A4AD8AAD77,
				269C86C9FB3EAFB77D63CE9F,
				FFB95C59D823895B0BE11EB4,
				0C81CA96594A24DDD9161F08,
				EE0F5269A1F7FFE2AED5501D,
				AFBD63FE6F50F4184CBD39B9,
				365FFF046D413036D09398F1,
				CFA1FC0C75AB05F0054FF621,
				86C3A005AEEAD9E72214C4ED,
				3EFA9AC7AAA44ADEB844DE54,
			);
			runOnlyForDeploymentPostprocessing = 0;
		};
		986BE07FEA56A720B63BF92C = {
			isa = PBXFrameworksBuildPhase;
			buildActionMask = 2147483647;
			files = (
				7D0919A881721F6AE733BE54,
				CA6226A29D9C989BBC3B376D,
				B11BC501FF33FCC1C09D315B,
				BBDEFFB6C4B82DDC1E77AFF9,
				1AA6288BE8421B30C2505742,
				141A355EED6996A4AD8AAD77,
				269C86C9FB3EAFB77D63CE9F,
				FFB95C59D823895B0BE11EB4,
				0C81CA96594A24DDD9161F08,
				EE0F5269A1F7FFE2AED5501D,
				AFBD63FE6F50F4184CBD39B9,
				365FFF046D413036D09398F1,
				CFA1FC0C75AB05F0054FF621,
				86C3A005AEEAD9E72214C4ED,
				3EFA9AC7AAA44ADEB844DE54,
			);
			runOnlyForDeploymentPostprocessing = 0;
		};
		DBBFE9E050268DD890025567 = {
			isa = PBXFrameworksBuildPhase;
			buildActionMask = 2147483647;
			files = (
				E9D4C22749F73600F5FA8A19,
				7D0919A881721F6AE733BE54,
				CA6226A29D9C989BBC3B376D,
				B11BC501FF33FCC1C09D315B,
				BBDEFFB6C4B82DDC1E77AFF9,
				1AA6288BE8421B30C2505742,
				141A355EED6996A4AD8AAD77,
				269C86C9FB3EAFB77D63CE9F,
				FFB95C59D823895B0BE11EB4,
				0C81CA96594A24DDD9161F08,
				EE0F5269A1F7FFE2AED5501D,
				AFBD63FE6F50F4184CBD39B9,
				365FFF046D413036D09398F1,
				CFA1FC0C75AB05F0054FF621,
				86C3A005AEEAD9E72214C4ED,
				3EFA9AC7AAA44ADEB844DE54,
			);
			runOnlyForDeploymentPostprocessing = 0;
		};
/* End PBXFrameworksBuildPhase section */

/* Begin PBXGroup section */
		01CD9006B9D95AB795370B1B /* Resources */ = {
			isa = PBXGroup;
			children = (
				1CB35C99E9D15D4F1F69DD2A,
				69E111259733B52C9E0E25FA,
				DE97B752A21513D858B308C9,
				349809BD8EB9A082D11D810E,
				4C3E82F389DFBFB00C2F42FE,
			);
			name = Resources;
			sourceTree = "<group>";
		};
		2008AF3D8E2CA87305CAC757 /* JUCE Modules */ = {
			isa = PBXGroup;
			children = (
				1DEAAA32D97EC5F5D1FD5ACA,
				FBA78DE3830FCBC7CED80AB2,
				7862BC6E4D81E8B72D8BCCF8,
				757A36330B7F758DE2AE4726,
				CCC306201549EF332C22272B,
				E146BDCE89CE22253BB47550,
				4075E7F45A4B277E998F524F,
				EA63E41FCBBC14E726571FAC,
				0F42137EA79C419E9F062768,
				26A7FEAA064B98024CAFA940,
				8DF9041B8338B947FBA90CC0,
				6AAFB05A1AB14DFED1B3CA15,
				CDBB68B8F500ECE2D441DF7A,
				F2E418F52E55243C50EB50DB,
			);
			name = "JUCE Modules";
			sourceTree = "<group>";
		};
		211F4F4AA790818B9DC9D263 /* UI */ = {
			isa = PBXGroup;
			children = (
				D3A405432D48AA48061C4628,
				0CB92DF1C9581CDB50036E06,
				F297D13C76C549A7D34ADA65,
				24508B4FBBF9CE8134433AB2,
				11B12E35D20675821FF33CD8,
				1BC4ACD9C6AE88DE676D14A2,
				804BE7D5613851BDDC11CE90,
				92A5DF4D8FCA5026268ABBA4,
				514C43753448CFCCF1547755,
			);
			name = UI;
			sourceTree = "<group>";
		};
		475B06C494A2EBD2F575F2EB /* MyDelayPlugin */ = {
			isa = PBXGroup;
			children = (
				B87B1D329E5439B8B5F5E21B,
				6F080664B8109224F23C25BB,
				211F4F4AA790818B9DC9D263,
				E18533BF1B9D730E40F0B6D6,
				758AB53B28648041F9985414,
			);
			name = MyDelayPlugin;
			sourceTree = "<group>";
		};
		6F080664B8109224F23C25BB /* Helpers */ = {
			isa = PBXGroup;
			children = (
				9F86C6044B404819BDC1E259,
				B2439C2D81B237B0DC4921E1,
				5944E37D6D510F20EBC3B978,
				50C54F0DBF66E40E2B778328,
				21B2C68648505AA0A0706748,
			);
			name = Helpers;
			sourceTree = "<group>";
		};
		758AB53B28648041F9985414 /* Source */ = {
			isa = PBXGroup;
			children = (
				95EB9CD3ABE8742ABC25368B,
				57C2C014B9C13221D87326A0,
				E09F9C5228329CF2B02CA216,
				5CE6534202DB39BF1508889B,
			);
			name = Source;
			sourceTree = "<group>";
		};
		B87B1D329E5439B8B5F5E21B /* Managers */ = {
			isa = PBXGroup;
			children = (
				90509626E970659DB06FA50F,
				B2EA2E91EF86C5B1B99C4C40,
			);
			name = Managers;
			sourceTree = "<group>";
		};
		C11DED4AF45C97BBD1207826 /* Frameworks */ = {
			isa = PBXGroup;
			children = (
				46A3641E5CCFAEF416357858,
				DED821E2F0F3DC72CA494ADB,
				83092943C63A30D610D79640,
				FC80C5D8FB4C5190CE68A261,
				375233A329AF37F0D3A78726,
				A9D6179713A38F9EEAF18945,
				9823D12A12050E0F2CB956EB,
				44E8958AA9CE10A7D6CE75A6,
				5A1294962622D1087D7F5E3B,
				DCFE910432DDF3D2B61DF0C3,
				B921FA398A54CC2D3AC73755,
				DABA6A71317FD45FE87FB098,
				63B4B5DA2A7DD30F481895A3,
				ACAFD496452BF0F05BD14799,
				9F3060DA59FE4D3A8CF25F40,
				A28AD8F570BE96763F389921,
			);
			name = Frameworks;
			sourceTree = "<group>";
		};
		CBEC6EE8E20CED3DCC61412F /* Products */ = {
			isa = PBXGroup;
			children = (
				23663039A85C933F85446523,
				53B81009A5555D44DE635151,
				E6084895EDEFB0341D5FE575,
				7B79316D551AF4B15B654701,
				BB49F3F26EE8B6306F53528A,
			);
			name = Products;
			sourceTree = "<group>";
		};
		CE6BB3E1F5C5ED6308113716 /* Source */ = {
			isa = PBXGroup;
			children = (
				475B06C494A2EBD2F575F2EB,
				2008AF3D8E2CA87305CAC757,
				EAA73C423A84DB1B02F81A5F,
				01CD9006B9D95AB795370B1B,
				C11DED4AF45C97BBD1207826,
				CBEC6EE8E20CED3DCC61412F,
			);
			name = Source;
			sourceTree = "<group>";
		};
		D3A405432D48AA48061C4628 /* Components */ = {
			isa = PBXGroup;
			children = (
				1F0F29DD99355CE3F09BB527,
				87FCF1419506441A042563F8,
				52018B78A115ECF17268503D,
				310447DEF8E4C5C70D83367B,
				18599F81E58CA71908D8EB4A,
				A0B3F6E62B399B33BE2A9FE2,
				345A64858C33F2FBD8AC335B,
				D3175EDEE6D1190CF7FC70AE,
			);
			name = Components;
			sourceTree = "<group>";
		};
		E18533BF1B9D730E40F0B6D6 /* DSP */ = {
			isa = PBXGroup;
			children = (
				BEA9766C10493D19355DF792,
				1EC6A9543AE6FB0FEB05D6CA,
				ADEA7CE297207E30B5C7D49C,
				BEAF26EFCE3242A7FE18B25C,
			);
			name = DSP;
			sourceTree = "<group>";
		};
		EAA73C423A84DB1B02F81A5F /* JUCE Library Code */ = {
			isa = PBXGroup;
			children = (
				219D157D0F2794D59FE9FD67,
				850A41736329CD579F2C39B4,
				8628E5A6D3EAF5861BC45C75,
				7112CFBE9A7AEB7B07A0C450,
				70099B4764EE241B69A04E1F,
				73E445E76BAD108526D93C0A,
				AA2C653F3B7A46BEEB95F9F6,
				BDF454BA7C232796C6AD68EA,
				45B401B13E197AFB8727849E,
				5027C1EE3A58386AC06EC89A,
				8D45DCF8D4FC9B8193C15ECE,
				2E2A885D50C89794C099D865,
				C4BDC6648618A202D6258BC2,
				7E91A97C07A01CB9D77D1A9C,
				721483286464FD754B989A70,
				C35EF3AF03DD54531DC05A82,
				47EFB4831678DB066BEB3ED6,
				F67B021598FE3A397528535A,
				D41912BAE86FCAFD5C30CCFE,
				F41545D2A6015EAE074A3D3F,
				D9ABFCC2B2F1FEA90F0AD7F4,
				8B7CC09DE69295D8EF0A10DA,
				5047DADBA2A1898582B0D7F1,
				B661B97A69CD8C4844905D50,
				C6372D1E09FAE0C995AFB25D,
			);
			name = "JUCE Library Code";
			sourceTree = "<group>";
		};
/* End PBXGroup section */

/* Begin PBXNativeTarget section */
		2E006F26AFA7F8A6C4B708DE /* MyDelayPlugin - AU */ = {
			isa = PBXNativeTarget;
			buildConfigurationList = DB77239EB59A282795DBEFD7;
			buildPhases = (
				73A4B6DEC95451D271A27E94,
				71763230747FE836C9B3AEFA,
				DBBFE9E050268DD890025567,
				E61F88E64C2282D9BA1FF5E1,
			);
			buildRules = (
			);
			dependencies = (
				B492156030EFB511BA4FC935,
			);
			name = "MyDelayPlugin - AU";
			productName = MyDelayPlugin;
			productReference = 53B81009A5555D44DE635151;
			productType = "com.apple.product-type.bundle";
		};
		49E58874D774BF3CA6AFA4CE /* MyDelayPlugin - VST3 Manifest Helper */ = {
			isa = PBXNativeTarget;
			buildConfigurationList = C1B7F3D50EDF272C2FC440D7;
			buildPhases = (
				0DEF3D4DF1F3F90C2283A787,
				4BF6271BB2D69BE9EB077645,
			);
			buildRules = (
			);
			dependencies = (
			);
			name = "MyDelayPlugin - VST3 Manifest Helper";
			productName = MyDelayPlugin;
			productReference = BB49F3F26EE8B6306F53528A;
			productType = "com.apple.product-type.tool";
		};
		5B8A0373787C6C75668294EF /* MyDelayPlugin - Shared Code */ = {
			isa = PBXNativeTarget;
			buildConfigurationList = 472FFBEED650DFCE828CAC4C;
			buildPhases = (
				307B75B8DE7F6DD6FD008AAA,
			);
			buildRules = (
			);
			dependencies = (
			);
			name = "MyDelayPlugin - Shared Code";
			productName = MyDelayPlugin;
			productReference = 7B79316D551AF4B15B654701;
			productType = "com.apple.product-type.library.static";
		};
		5FDB207F079EF2F12ADD25B4 /* MyDelayPlugin - Standalone Plugin */ = {
			isa = PBXNativeTarget;
			buildConfigurationList = 4749C2B7688A45E61B62C0D3;
			buildPhases = (
				10B9A29CC6B28900A55B7AC5,
				CDD8E3CCE0DB72C19A9403E3,
				986BE07FEA56A720B63BF92C,
			);
			buildRules = (
			);
			dependencies = (
				076CE29DC97085DB4DCEB192,
			);
			name = "MyDelayPlugin - Standalone Plugin";
			productName = MyDelayPlugin;
			productReference = E6084895EDEFB0341D5FE575;
			productType = "com.apple.product-type.application";
		};
		DE3B51E5C4EB0225EB6B728B /* MyDelayPlugin - VST3 */ = {
			isa = PBXNativeTarget;
			buildConfigurationList = B8259F1502AE58C60D58DFB8;
			buildPhases = (
				534DD11615A4F167B2A2EC87,
				9A10AE6751993F8F6C11382C,
				001E98CC71A62405E2DBB776,
				30DB6213BA94C3EFF9CB561D,
				1482CB433339A3AE51794B0A,
			);
			buildRules = (
			);
			dependencies = (
				B4DF8FE57661F3EDB467FB8C,
				F7D35BB06179400D96CC9DE7,
			);
			name = "MyDelayPlugin - VST3";
			productName = MyDelayPlugin;
			productReference = 23663039A85C933F85446523;
			productType = "com.apple.product-type.bundle";
		};
/* End PBXNativeTarget section */

/* Begin PBXProject section */
		78E1C59EB39652857138029D = {
			isa = PBXProject;
			attributes = {
				BuildIndependentTargetsInParallel = YES;
				LastUpgradeCheck = 1340;
				ORGANIZATIONNAME = "Silver";
				TargetAttributes = {
					2E006F26AFA7F8A6C4B708DE = {
						SystemCapabilities = {
							com.apple.ApplicationGroups.iOS = {
								enabled = 0;
							};
							com.apple.HardenedRuntime = {
								enabled = 0;
							};
							com.apple.InAppPurchase = {
								enabled = 0;
							};
							com.apple.InterAppAudio = {
								enabled = 0;
							};
							com.apple.Push = {
								enabled = 0;
							};
							com.apple.Sandbox = {
								enabled = 0;
							};
						};
					};
					49E58874D774BF3CA6AFA4CE = {
						SystemCapabilities = {
							com.apple.ApplicationGroups.iOS = {
								enabled = 0;
							};
							com.apple.HardenedRuntime = {
								enabled = 0;
							};
							com.apple.InAppPurchase = {
								enabled = 0;
							};
							com.apple.InterAppAudio = {
								enabled = 0;
							};
							com.apple.Push = {
								enabled = 0;
							};
							com.apple.Sandbox = {
								enabled = 0;
							};
						};
					};
					5B8A0373787C6C75668294EF = {
						SystemCapabilities = {
							com.apple.ApplicationGroups.iOS = {
								enabled = 0;
							};
							com.apple.HardenedRuntime = {
								enabled = 0;
							};
							com.apple.InAppPurchase = {
								enabled = 0;
							};
							com.apple.InterAppAudio = {
								enabled = 0;
							};
							com.apple.Push = {
								enabled = 0;
							};
							com.apple.Sandbox = {
								enabled = 0;
							};
						};
					};
					5FDB207F079EF2F12ADD25B4 = {
						SystemCapabilities = {
							com.apple.ApplicationGroups.iOS = {
								enabled = 0;
							};
							com.apple.HardenedRuntime = {
								enabled = 0;
							};
							com.apple.InAppPurchase = {
								enabled = 0;
							};
							com.apple.InterAppAudio = {
								enabled = 0;
							};
							com.apple.Push = {
								enabled = 0;
							};
							com.apple.Sandbox = {
								enabled = 0;
							};
						};
					};
					A412DCB7B83B99BD245F10FA = {
						SystemCapabilities = {
							com.apple.ApplicationGroups.iOS = {
								enabled = 0;
							};
							com.apple.HardenedRuntime = {
								enabled = 0;
							};
							com.apple.InAppPurchase = {
								enabled = 0;
							};
							com.apple.InterAppAudio = {
								enabled = 0;
							};
							com.apple.Push = {
								enabled = 0;
							};
							com.apple.Sandbox = {
								enabled = 0;
							};
						};
					};
					DE3B51E5C4EB0225EB6B728B = {
						SystemCapabilities = {
							com.apple.ApplicationGroups.iOS = {
								enabled = 0;
							};
							com.apple.HardenedRuntime = {
								enabled = 0;
							};
							com.apple.InAppPurchase = {
								enabled = 0;
							};
							com.apple.InterAppAudio = {
								enabled = 0;
							};
							com.apple.Push = {
								enabled = 0;
							};
							com.apple.Sandbox = {
								enabled = 0;
							};
						};
					};
				};
			};
			buildConfigurationList = 5A35C0061844ECB1E1C2AD60;
			compatibilityVersion = "Xcode 3.2";
			hasScannedForEncodings = 0;
			knownRegions = (
				en,
				Base,
			);
			mainGroup = CE6BB3E1F5C5ED6308113716;
			projectDirPath = "";
			projectRoot = "";
			targets = (
				A412DCB7B83B99BD245F10FA,
				DE3B51E5C4EB0225EB6B728B,
				2E006F26AFA7F8A6C4B708DE,
				5FDB207F079EF2F12ADD25B4,
				5B8A0373787C6C75668294EF,
				49E58874D774BF3CA6AFA4CE,
			);
		};
/* End PBXProject section */

/* Begin PBXResourcesBuildPhase section */
		10B9A29CC6B28900A55B7AC5 = {
			isa = PBXResourcesBuildPhase;
			buildActionMask = 2147483647;
			files = (
				A4D22F0CF24AC4F261F74EC0,
			);
			runOnlyForDeploymentPostprocessing = 0;
		};
		534DD11615A4F167B2A2EC87 = {
			isa = PBXResourcesBuildPhase;
			buildActionMask = 2147483647;
			files = (
				A4D22F0CF24AC4F261F74EC0,
			);
			runOnlyForDeploymentPostprocessing = 0;
		};
		73A4B6DEC95451D271A27E94 = {
			isa = PBXResourcesBuildPhase;
			buildActionMask = 2147483647;
			files = (
				A4D22F0CF24AC4F261F74EC0,
			);
			runOnlyForDeploymentPostprocessing = 0;
		};
/* End PBXResourcesBuildPhase section */

/* Begin PBXShellScriptBuildPhase section */
		1482CB433339A3AE51794B0A /* Plugin Copy Step */ = {
			isa = PBXShellScriptBuildPhase;
			buildActionMask = 2147483647;
			files = (
			);
			runOnlyForDeploymentPostprocessing = 0;
			name = "Plugin Copy Step";
			alwaysOutOfDate = 1;
			shellPath = /bin/sh;
			shellScript = "set -euo pipefail\n\nif [[ \"${CONFIGURATION}\" == \"Debug\" ]]; then\n  destinationPlugin=\"${HOME}/Library/Audio/Plug-Ins/VST3//$(basename \"${TARGET_BUILD_DIR}/${FULL_PRODUCT_NAME}\")\"\n  echo Running rm -rf \\\"${destinationPlugin}\\\"\n  rm -rf \"${destinationPlugin}\"\n  echo Running ditto \\\"${TARGET_BUILD_DIR}/${FULL_PRODUCT_NAME}\\\" \\\"${destinationPlugin}\\\"\n  ditto \"${TARGET_BUILD_DIR}/${FULL_PRODUCT_NAME}\" \"${destinationPlugin}\"\n\n  if [[ -n \"${EXPANDED_CODE_SIGN_IDENTITY-}\" ]]; then\n    if [[ -n \"${CODE_SIGN_ENTITLEMENTS-}\" ]]; then\n      entitlementsArg=(--entitlements \"${CODE_SIGN_ENTITLEMENTS}\")\n    fi\n\n    echo Signing Identity: \\\"${EXPANDED_CODE_SIGN_IDENTITY_NAME}\\\"\n    echo Running codesign --verbose=4 --force --sign \\\"${EXPANDED_CODE_SIGN_IDENTITY}\\\" ${entitlementsArg[*]-} ${OTHER_CODE_SIGN_FLAGS-} \\\"${HOME}/Library/Audio/Plug-Ins/VST3//${FULL_PRODUCT_NAME}\\\"\n    codesign --verbose=4 --force --sign \"${EXPANDED_CODE_SIGN_IDENTITY}\" ${entitlementsArg[*]-} ${OTHER_CODE_SIGN_FLAGS-} \"${HOME}/Library/Audio/Plug-Ins/VST3//${FULL_PRODUCT_NAME}\"\n  fi\nfi\n\nif [[ \"${CONFIGURATION}\" == \"Release\" ]]; then\n  destinationPlugin=\"${HOME}/Library/Audio/Plug-Ins/VST3//$(basename \"${TARGET_BUILD_DIR}/${FULL_PRODUCT_NAME}\")\"\n  echo Running rm -rf \\\"${destinationPlugin}\\\"\n  rm -rf \"${destinationPlugin}\"\n  echo Running ditto \\\"${TARGET_BUILD_DIR}/${FULL_PRODUCT_NAME}\\\" \\\"${destinationPlugin}\\\"\n  ditto \"${TARGET_BUILD_DIR}/${FULL_PRODUCT_NAME}\" \"${destinationPlugin}\"\n\n  if [[ -n \"${EXPANDED_CODE_SIGN_IDENTITY-}\" ]]; then\n    if [[ -n \"${CODE_SIGN_ENTITLEMENTS-}\" ]]; then\n      entitlementsArg=(--entitlements \"${CODE_SIGN_ENTITLEMENTS}\")\n    fi\n\n    echo Signing Identity: \\\"${EXPANDED_CODE_SIGN_IDENTITY_NAME}\\\"\n    echo Running codesign --verbose=4 --force --sign \\\"${EXPANDED_CODE_SIGN_IDENTITY}\\\" ${entitlementsArg[*]-} ${OTHER_CODE_SIGN_FLAGS-} \\\"${HOME}/Library/Audio/Plug-Ins/VST3//${FULL_PRODUCT_NAME}\\\"\n    codesign --verbose=4 --force --sign \"${EXPANDED_CODE_SIGN_IDENTITY}\" ${entitlementsArg[*]-} ${OTHER_CODE_SIGN_FLAGS-} \"${HOME}/Library/Audio/Plug-Ins/VST3//${FULL_PRODUCT_NAME}\"\n  fi\nfi\n";
		};
		30DB6213BA94C3EFF9CB561D /* Update manifest */ = {
			isa = PBXShellScriptBuildPhase;
			buildActionMask = 2147483647;
			files = (
			);
			runOnlyForDeploymentPostprocessing = 0;
			name = "Update manifest";
			alwaysOutOfDate = 1;
			shellPath = /bin/sh;
			shellScript = "set -euo pipefail\n\necho Running codesign --verbose=4 --force --sign - \\\"${CONFIGURATION_BUILD_DIR}/${FULL_PRODUCT_NAME}\\\"\ncodesign --verbose=4 --force --sign - \"${CONFIGURATION_BUILD_DIR}/${FULL_PRODUCT_NAME}\"\n\necho Running \\\"${CONFIGURATION_BUILD_DIR}/juce_vst3_helper\\\" -create -version \\\"1.0.0\\\" -path \\\"${CONFIGURATION_BUILD_DIR}/${FULL_PRODUCT_NAME}\\\" -output \\\"${CONFIGURATION_BUILD_DIR}/${FULL_PRODUCT_NAME}/Contents/Resources/moduleinfo.json\\\"\n\"${CONFIGURATION_BUILD_DIR}/juce_vst3_helper\" -create -version \"1.0.0\" -path \"${CONFIGURATION_BUILD_DIR}/${FULL_PRODUCT_NAME}\" -output \"${CONFIGURATION_BUILD_DIR}/${FULL_PRODUCT_NAME}/Contents/Resources/moduleinfo.json\"\n";
		};
		E61F88E64C2282D9BA1FF5E1 /* Plugin Copy Step */ = {
			isa = PBXShellScriptBuildPhase;
			buildActionMask = 2147483647;
			files = (
			);
			runOnlyForDeploymentPostprocessing = 0;
			name = "Plugin Copy Step";
			alwaysOutOfDate = 1;
			shellPath = /bin/sh;
			shellScript = "set -euo pipefail\n\nif [[ \"${CONFIGURATION}\" == \"Debug\" ]]; then\n  destinationPlugin=\"${HOME}/Library/Audio/Plug-Ins/Components//$(basename \"${TARGET_BUILD_DIR}/${FULL_PRODUCT_NAME}\")\"\n  echo Running rm -rf \\\"${destinationPlugin}\\\"\n  rm -rf \"${destinationPlugin}\"\n  echo Running ditto \\\"${TARGET_BUILD_DIR}/${FULL_PRODUCT_NAME}\\\" \\\"${destinationPlugin}\\\"\n  ditto \"${TARGET_BUILD_DIR}/${FULL_PRODUCT_NAME}\" \"${destinationPlugin}\"\n\n  if [[ -n \"${EXPANDED_CODE_SIGN_IDENTITY-}\" ]]; then\n    if [[ -n \"${CODE_SIGN_ENTITLEMENTS-}\" ]]; then\n      entitlementsArg=(--entitlements \"${CODE_SIGN_ENTITLEMENTS}\")\n    fi\n\n    echo Signing Identity: \\\"${EXPANDED_CODE_SIGN_IDENTITY_NAME}\\\"\n    echo Running codesign --verbose=4 --force --sign \\\"${EXPANDED_CODE_SIGN_IDENTITY}\\\" ${entitlementsArg[*]-} ${OTHER_CODE_SIGN_FLAGS-} \\\"${HOME}/Library/Audio/Plug-Ins/Components//${FULL_PRODUCT_NAME}\\\"\n    codesign --verbose=4 --force --sign \"${EXPANDED_CODE_SIGN_IDENTITY}\" ${entitlementsArg[*]-} ${OTHER_CODE_SIGN_FLAGS-} \"${HOME}/Library/Audio/Plug-Ins/Components//${FULL_PRODUCT_NAME}\"\n  fi\nfi\n\nif [[ \"${CONFIGURATION}\" == \"Release\" ]]; then\n  destinationPlugin=\"${HOME}/Library/Audio/Plug-Ins/Components//$(basename \"${TARGET_BUILD_DIR}/${FULL_PRODUCT_NAME}\")\"\n  echo Running rm -rf \\\"${destinationPlugin}\\\"\n  rm -rf \"${destinationPlugin}\"\n  echo Running ditto \\\"${TARGET_BUILD_DIR}/${FULL_PRODUCT_NAME}\\\" \\\"${destinationPlugin}\\\"\n  ditto \"${TARGET_BUILD_DIR}/${FULL_PRODUCT_NAME}\" \"${destinationPlugin}\"\n\n  if [[ -n \"${EXPANDED_CODE_SIGN_IDENTITY-}\" ]]; then\n    if [[ -n \"${CODE_SIGN_ENTITLEMENTS-}\" ]]; then\n      entitlementsArg=(--entitlements \"${CODE_SIGN_ENTITLEMENTS}\")\n    fi\n\n    echo Signing Identity: \\\"${EXPANDED_CODE_SIGN_IDENTITY_NAME}\\\"\n    echo Running codesign --verbose=4 --force --sign \\\"${EXPANDED_CODE_SIGN_IDENTITY}\\\" ${entitlementsArg[*]-} ${OTHER_CODE_SIGN_FLAGS-} \\\"${HOME}/Library/Audio/Plug-Ins/Components//${FULL_PRODUCT_NAME}\\\"\n    codesign --verbose=4 --force --sign \"${EXPANDED_CODE_SIGN_IDENTITY}\" ${entitlementsArg[*]-} ${OTHER_CODE_SIGN_FLAGS-} \"${HOME}/Library/Audio/Plug-Ins/Components//${FULL_PRODUCT_NAME}\"\n  fi\nfi\n";
		};
/* End PBXShellScriptBuildPhase section */

/* Begin PBXSourcesBuildPhase section */
		0DEF3D4DF1F3F90C2283A787 = {
			isa = PBXSourcesBuildPhase;
			buildActionMask = 2147483647;
			files = (
				8BD68A69439DAB08120AA466,
			);
			runOnlyForDeploymentPostprocessing = 0;
		};
		307B75B8DE7F6DD6FD008AAA = {
			isa = PBXSourcesBuildPhase;
			buildActionMask = 2147483647;
			files = (
				3F6C552091C84019AA1D6271,
				1E18CF51FD94D60006FB6576,
				829BADD68FB8CFD78A8625B2,
				8D2D4B236C84DD0CA0FE243E,
				1DCC57BE8AEF47C5EE4E939B,
				3B3D84636BB3D9053DC2B479,
				752423C4C97271850ACD7429,
				6AC9C8F1AC666494E8F9283D,
				3892463F71D667F3FD3EE967,
				C40A769D514854FA5B9376FB,
				6A555F4B57CBCE0964345E56,
				052BDC2BEA1ECBEC3B91095B,
				2B0D76B439BE545EE5DC2183,
				973BE3CCF0980D77D3200D7F,
				7AE1A98FD49F050CC71FFF51,
				7C876AE7B0CD5AFD5631653F,
				118F0ADE3B5F695EA81C21DF,
				825A8850A2BCCC462A40858D,
				E842C461DBC2A5865B116B66,
				4C28D55E29DEE2705110212D,
				398F902E5B47D0F052EC17D8,
				B4D2CB52E1955C14A9F4D648,
				86632C840968EC04EB6A7678,
				3A5A8C10947CC814A548F65A,
				CEE72F36D42B5386887F888B,
				34F33C7A405F944F95DDF66C,
				655A8CCEB7838CB340EB1125,
				A12373191ADF3C5911C76FC0,
				E692E680FCC84A7B7709252A,
				1BF9EE17B2AFECEBA39BC38C,
				E420EC8E4D06EF0F775F3A2F,
			);
			runOnlyForDeploymentPostprocessing = 0;
		};
		71763230747FE836C9B3AEFA = {
			isa = PBXSourcesBuildPhase;
			buildActionMask = 2147483647;
			files = (
				F8816D3986D0508F666F354E,
				9E9D0FCFE0B2A1A484697068,
			);
			runOnlyForDeploymentPostprocessing = 0;
		};
		9A10AE6751993F8F6C11382C = {
			isa = PBXSourcesBuildPhase;
			buildActionMask = 2147483647;
			files = (
				C0F9A72119ADE8336B84542B,
			);
			runOnlyForDeploymentPostprocessing = 0;
		};
		CDD8E3CCE0DB72C19A9403E3 = {
			isa = PBXSourcesBuildPhase;
			buildActionMask = 2147483647;
			files = (
				495A4E2DCBE50894600B156A,
			);
			runOnlyForDeploymentPostprocessing = 0;
		};
/* End PBXSourcesBuildPhase section */

/* Begin PBXTargetDependency section */
		076CE29DC97085DB4DCEB192 = {
			isa = PBXTargetDependency;
			target = 5B8A0373787C6C75668294EF;
		};
		173392877CA47B6CD02FE44D = {
			isa = PBXTargetDependency;
			target = 49E58874D774BF3CA6AFA4CE;
		};
		245AABF423B98D6D6FB5B8D6 = {
			isa = PBXTargetDependency;
			target = DE3B51E5C4EB0225EB6B728B;
		};
		575897585978E94570C8327B = {
			isa = PBXTargetDependency;
			target = 5B8A0373787C6C75668294EF;
		};
		6655562A9CB1BA79FB3B95E8 = {
			isa = PBXTargetDependency;
			target = 2E006F26AFA7F8A6C4B708DE;
		};
		B492156030EFB511BA4FC935 = {
			isa = PBXTargetDependency;
			target = 5B8A0373787C6C75668294EF;
		};
		B4DF8FE57661F3EDB467FB8C = {
			isa = PBXTargetDependency;
			target = 5B8A0373787C6C75668294EF;
		};
		C94049887D6DF57E562F4D7D = {
			isa = PBXTargetDependency;
			target = 5FDB207F079EF2F12ADD25B4;
		};
		F7D35BB06179400D96CC9DE7 = {
			isa = PBXTargetDependency;
			target = 49E58874D774BF3CA6AFA4CE;
		};
/* End PBXTargetDependency section */

/* Begin XCBuildConfiguration section */
		020985AAFAD9DDCB10337956 /* Debug */ = {
			isa = XCBuildConfiguration;
			buildSettings = {
				CLANG_CXX_LANGUAGE_STANDARD = "c++17";
				CLANG_CXX_LIBRARY = "libc++";
				CLANG_LINK_OBJC_RUNTIME = NO;
				COMBINE_HIDPI_IMAGES = YES;
				CONFIGURATION_BUILD_DIR = "$(PROJECT_DIR)/build/$(CONFIGURATION)";
				COPY_PHASE_STRIP = NO;
				EXCLUDED_ARCHS = "";
				GCC_DYNAMIC_NO_PIC = NO;
				GCC_OPTIMIZATION_LEVEL = 0;
				GCC_PREPROCESSOR_DEFINITIONS = (
					"_DEBUG=1",
					"DEBUG=1",
					"JUCER_XCODE_MAC_F6D2F4CF=1",
					"JUCE_APP_VERSION=1.0.0",
					"JUCE_APP_VERSION_HEX=0x10000",
					"JucePlugin_Build_VST=0",
					"JucePlugin_Build_VST3=0",
					"JucePlugin_Build_AU=1",
					"JucePlugin_Build_AUv3=0",
					"JucePlugin_Build_AAX=0",
					"JucePlugin_Build_Standalone=0",
					"JucePlugin_Build_Unity=0",
					"JucePlugin_Build_LV2=0",
				);
				GCC_VERSION = com.apple.compilers.llvm.clang.1_0;
				GENERATE_PKGINFO_FILE = YES;
				HEADER_SEARCH_PATHS = (
					"$(HOME)/JUCE/modules/juce_audio_processors/format_types/VST3_SDK",
					"$(SRCROOT)/../../JuceLibraryCode",
					"$(HOME)/JUCE/modules",
					"$(HOME)/JUCE/modules/juce_audio_plugin_client/AU",
					"$(inherited)",
				);
				INFOPLIST_FILE = Info-AU.plist;
				INFOPLIST_PREPROCESS = NO;
				INSTALL_PATH = "$(HOME)/Library/Audio/Plug-Ins/Components/";
				LIBRARY_STYLE = Bundle;
				MACOSX_DEPLOYMENT_TARGET = 10.13;
				MTL_HEADER_SEARCH_PATHS = "$(HOME)/JUCE/modules/juce_audio_processors/format_types/VST3_SDK $(SRCROOT)/../../JuceLibraryCode $(HOME)/JUCE/modules $(HOME)/JUCE/modules/juce_audio_plugin_client/AU";
				OTHER_LDFLAGS = "-bundle -lMyDelayPlugin";
				OTHER_REZFLAGS = "-d ppc_$ppc -d i386_$i386 -d ppc64_$ppc64 -d x86_64_$x86_64 -d arm64_$arm64 -I /System/Library/Frameworks/CoreServices.framework/Frameworks/CarbonCore.framework/Versions/A/Headers -I \"$(DEVELOPER_DIR)/Extras/CoreAudio/AudioUnits/AUPublic/AUBase\" -I \"$(DEVELOPER_DIR)/Platforms/MacOSX.platform/Developer/SDKs/MacOSX.sdk/System/Library/Frameworks/AudioUnit.framework/Headers\"";
				PRODUCT_BUNDLE_IDENTIFIER = com.Silver.MyDelayPlugin;
				PRODUCT_NAME = "MyDelayPlugin";
				USE_HEADERMAP = NO;
				VALIDATE_WORKSPACE_SKIPPED_SDK_FRAMEWORKS = OpenGL;
				VALID_ARCHS = "i386 x86_64 arm64 arm64e";
				WRAPPER_EXTENSION = component;
			};
			name = Debug;
		};
		05D5D680EFBEFDDF3E6EDC19 /* Debug */ = {
			isa = XCBuildConfiguration;
			buildSettings = {
				CLANG_CXX_LANGUAGE_STANDARD = "c++17";
				CLANG_CXX_LIBRARY = "libc++";
				CLANG_LINK_OBJC_RUNTIME = NO;
				COMBINE_HIDPI_IMAGES = YES;
				CONFIGURATION_BUILD_DIR = "$(PROJECT_DIR)/build/$(CONFIGURATION)";
				COPY_PHASE_STRIP = NO;
				EXCLUDED_ARCHS = "";
				GCC_DYNAMIC_NO_PIC = NO;
				GCC_OPTIMIZATION_LEVEL = 0;
				GCC_PREPROCESSOR_DEFINITIONS = (
					"_DEBUG=1",
					"DEBUG=1",
					"JUCER_XCODE_MAC_F6D2F4CF=1",
					"JUCE_APP_VERSION=1.0.0",
					"JUCE_APP_VERSION_HEX=0x10000",
					"JucePlugin_Build_VST=0",
					"JucePlugin_Build_VST3=0",
					"JucePlugin_Build_AU=0",
					"JucePlugin_Build_AUv3=0",
					"JucePlugin_Build_AAX=0",
					"JucePlugin_Build_Standalone=0",
					"JucePlugin_Build_Unity=0",
					"JucePlugin_Build_LV2=0",
				);
				GCC_VERSION = com.apple.compilers.llvm.clang.1_0;
				HEADER_SEARCH_PATHS = (
					"$(HOME)/JUCE/modules/juce_audio_processors/format_types/VST3_SDK",
					"$(SRCROOT)/../../JuceLibraryCode",
					"$(HOME)/JUCE/modules",
					"$(HOME)/JUCE/modules/juce_audio_plugin_client/AU",
					"$(inherited)",
				);
				INFOPLIST_FILE = Info-VST3_Manifest_Helper.plist;
				INFOPLIST_PREPROCESS = NO;
				MACOSX_DEPLOYMENT_TARGET = 10.13;
				MTL_HEADER_SEARCH_PATHS = "$(HOME)/JUCE/modules/juce_audio_processors/format_types/VST3_SDK $(SRCROOT)/../../JuceLibraryCode $(HOME)/JUCE/modules $(HOME)/JUCE/modules/juce_audio_plugin_client/AU";
				PRODUCT_BUNDLE_IDENTIFIER = com.Silver.MyDelayPlugin;
				PRODUCT_NAME = "juce_vst3_helper";
				USE_HEADERMAP = NO;
				VALIDATE_WORKSPACE_SKIPPED_SDK_FRAMEWORKS = OpenGL;
				VALID_ARCHS = "i386 x86_64 arm64 arm64e";
			};
			name = Debug;
		};
		3C53AB2F11C47BDCA71C50C1 /* Debug */ = {
			isa = XCBuildConfiguration;
			buildSettings = {
				CLANG_CXX_LANGUAGE_STANDARD = "c++17";
				CLANG_CXX_LIBRARY = "libc++";
				CLANG_LINK_OBJC_RUNTIME = NO;
				COMBINE_HIDPI_IMAGES = YES;
				CONFIGURATION_BUILD_DIR = "$(PROJECT_DIR)/build/$(CONFIGURATION)";
				COPY_PHASE_STRIP = NO;
				EXCLUDED_ARCHS = "";
				GCC_DYNAMIC_NO_PIC = NO;
				GCC_OPTIMIZATION_LEVEL = 0;
				GCC_PREPROCESSOR_DEFINITIONS = (
					"_DEBUG=1",
					"DEBUG=1",
					"JUCER_XCODE_MAC_F6D2F4CF=1",
					"JUCE_APP_VERSION=1.0.0",
					"JUCE_APP_VERSION_HEX=0x10000",
					"JucePlugin_Build_VST=0",
					"JucePlugin_Build_VST3=1",
					"JucePlugin_Build_AU=1",
					"JucePlugin_Build_AUv3=0",
					"JucePlugin_Build_AAX=0",
					"JucePlugin_Build_Standalone=1",
					"JucePlugin_Build_Unity=0",
					"JucePlugin_Build_LV2=0",
					"JUCE_SHARED_CODE=1",
				);
				GCC_VERSION = com.apple.compilers.llvm.clang.1_0;
				HEADER_SEARCH_PATHS = (
					"$(HOME)/JUCE/modules/juce_audio_processors/format_types/VST3_SDK",
					"$(SRCROOT)/../../JuceLibraryCode",
					"$(HOME)/JUCE/modules",
					"$(HOME)/JUCE/modules/juce_audio_plugin_client/AU",
					"$(inherited)",
				);
				INSTALL_PATH = "@executable_path/../Frameworks";
				MACOSX_DEPLOYMENT_TARGET = 10.13;
				MTL_HEADER_SEARCH_PATHS = "$(HOME)/JUCE/modules/juce_audio_processors/format_types/VST3_SDK $(SRCROOT)/../../JuceLibraryCode $(HOME)/JUCE/modules $(HOME)/JUCE/modules/juce_audio_plugin_client/AU";
				PRODUCT_BUNDLE_IDENTIFIER = com.Silver.MyDelayPlugin;
				PRODUCT_NAME = "MyDelayPlugin";
				SKIP_INSTALL = YES;
				USE_HEADERMAP = NO;
				VALIDATE_WORKSPACE_SKIPPED_SDK_FRAMEWORKS = OpenGL;
				VALID_ARCHS = "i386 x86_64 arm64 arm64e";
			};
			name = Debug;
		};
		3CB9DDFDC1CC3ED2A1E2D98C /* Debug */ = {
			isa = XCBuildConfiguration;
			buildSettings = {
				MACOSX_DEPLOYMENT_TARGET = 10.13;
				SDKROOT = macosx;
			};
			name = Debug;
		};
		3F7C90B7587920C5A376F09E /* Debug */ = {
			isa = XCBuildConfiguration;
			buildSettings = {
				ALWAYS_SEARCH_USER_PATHS = NO;
				CLANG_ENABLE_OBJC_WEAK = YES;
				CLANG_WARN_BLOCK_CAPTURE_AUTORELEASING = YES;
				CLANG_WARN_BOOL_CONVERSION = YES;
				CLANG_WARN_COMMA = YES;
				CLANG_WARN_CONSTANT_CONVERSION = YES;
				CLANG_WARN_DEPRECATED_OBJC_IMPLEMENTATIONS = YES;
				CLANG_WARN_EMPTY_BODY = YES;
				CLANG_WARN_ENUM_CONVERSION = YES;
				CLANG_WARN_INFINITE_RECURSION = YES;
				CLANG_WARN_INT_CONVERSION = YES;
				CLANG_WARN_NON_LITERAL_NULL_CONVERSION = YES;
				CLANG_WARN_OBJC_IMPLICIT_RETAIN_SELF = YES;
				CLANG_WARN_OBJC_LITERAL_CONVERSION = YES;
				CLANG_WARN_RANGE_LOOP_ANALYSIS = YES;
				CLANG_WARN_STRICT_PROTOTYPES = YES;
				CLANG_WARN_SUSPICIOUS_MOVE = YES;
				CLANG_WARN_UNREACHABLE_CODE = YES;
				CLANG_WARN__DUPLICATE_METHOD_MATCH = YES;
				DEBUG_INFORMATION_FORMAT = dwarf;
				ENABLE_STRICT_OBJC_MSGSEND = YES;
				ENABLE_TESTABILITY = NO;
				GCC_C_LANGUAGE_STANDARD = c11;
				GCC_INLINES_ARE_PRIVATE_EXTERN = YES;
				GCC_MODEL_TUNING = G5;
				GCC_NO_COMMON_BLOCKS = YES;
				GCC_SYMBOLS_PRIVATE_EXTERN = YES;
				GCC_WARN_64_TO_32_BIT_CONVERSION = YES;
				GCC_WARN_ABOUT_RETURN_TYPE = YES;
				GCC_WARN_CHECK_SWITCH_STATEMENTS = YES;
				GCC_WARN_MISSING_PARENTHESES = YES;
				GCC_WARN_NON_VIRTUAL_DESTRUCTOR = YES;
				GCC_WARN_TYPECHECK_CALLS_TO_PRINTF = YES;
				GCC_WARN_UNDECLARED_SELECTOR = YES;
				GCC_WARN_UNINITIALIZED_AUTOS = YES;
				GCC_WARN_UNUSED_FUNCTION = YES;
				GCC_WARN_UNUSED_VARIABLE = YES;
				ONLY_ACTIVE_ARCH = YES;
				OTHER_CODE_SIGN_FLAGS = --timestamp;
				PRODUCT_NAME = "MyDelayPlugin";
				SDKROOT = macosx;
				WARNING_CFLAGS = "-Wreorder";
				ZERO_LINK = NO;
			};
			name = Debug;
		};
		415A9F19BB4BB6562ABD4618 /* Release */ = {
			isa = XCBuildConfiguration;
			buildSettings = {
				CLANG_CXX_LANGUAGE_STANDARD = "c++17";
				CLANG_CXX_LIBRARY = "libc++";
				CLANG_LINK_OBJC_RUNTIME = NO;
				COMBINE_HIDPI_IMAGES = YES;
				CONFIGURATION_BUILD_DIR = "$(PROJECT_DIR)/build/$(CONFIGURATION)";
				DEAD_CODE_STRIPPING = YES;
				EXCLUDED_ARCHS = "";
				GCC_GENERATE_DEBUGGING_SYMBOLS = NO;
				GCC_OPTIMIZATION_LEVEL = 3;
				GCC_PREPROCESSOR_DEFINITIONS = (
					"_NDEBUG=1",
					"NDEBUG=1",
					"JUCER_XCODE_MAC_F6D2F4CF=1",
					"JUCE_APP_VERSION=1.0.0",
					"JUCE_APP_VERSION_HEX=0x10000",
					"JucePlugin_Build_VST=0",
					"JucePlugin_Build_VST3=0",
					"JucePlugin_Build_AU=1",
					"JucePlugin_Build_AUv3=0",
					"JucePlugin_Build_AAX=0",
					"JucePlugin_Build_Standalone=0",
					"JucePlugin_Build_Unity=0",
					"JucePlugin_Build_LV2=0",
				);
				GCC_VERSION = com.apple.compilers.llvm.clang.1_0;
				GENERATE_PKGINFO_FILE = YES;
				HEADER_SEARCH_PATHS = (
					"$(HOME)/JUCE/modules/juce_audio_processors/format_types/VST3_SDK",
					"$(SRCROOT)/../../JuceLibraryCode",
					"$(HOME)/JUCE/modules",
					"$(HOME)/JUCE/modules/juce_audio_plugin_client/AU",
					"$(inherited)",
				);
				INFOPLIST_FILE = Info-AU.plist;
				INFOPLIST_PREPROCESS = NO;
				INSTALL_PATH = "$(HOME)/Library/Audio/Plug-Ins/Components/";
				LIBRARY_STYLE = Bundle;
				LLVM_LTO = YES;
				MACOSX_DEPLOYMENT_TARGET = 10.13;
				MTL_HEADER_SEARCH_PATHS = "$(HOME)/JUCE/modules/juce_audio_processors/format_types/VST3_SDK $(SRCROOT)/../../JuceLibraryCode $(HOME)/JUCE/modules $(HOME)/JUCE/modules/juce_audio_plugin_client/AU";
				OTHER_LDFLAGS = "-bundle -lMyDelayPlugin";
				OTHER_REZFLAGS = "-d ppc_$ppc -d i386_$i386 -d ppc64_$ppc64 -d x86_64_$x86_64 -d arm64_$arm64 -I /System/Library/Frameworks/CoreServices.framework/Frameworks/CarbonCore.framework/Versions/A/Headers -I \"$(DEVELOPER_DIR)/Extras/CoreAudio/AudioUnits/AUPublic/AUBase\" -I \"$(DEVELOPER_DIR)/Platforms/MacOSX.platform/Developer/SDKs/MacOSX.sdk/System/Library/Frameworks/AudioUnit.framework/Headers\"";
				PRODUCT_BUNDLE_IDENTIFIER = com.Silver.MyDelayPlugin;
				PRODUCT_NAME = "MyDelayPlugin";
				USE_HEADERMAP = NO;
				VALIDATE_WORKSPACE_SKIPPED_SDK_FRAMEWORKS = OpenGL;
				VALID_ARCHS = "i386 x86_64 arm64 arm64e";
				WRAPPER_EXTENSION = component;
			};
			name = Release;
		};
		424F7A83B3B9FD279EBC054C /* Release */ = {
			isa = XCBuildConfiguration;
			buildSettings = {
				CLANG_CXX_LANGUAGE_STANDARD = "c++17";
				CLANG_CXX_LIBRARY = "libc++";
				CLANG_LINK_OBJC_RUNTIME = NO;
				COMBINE_HIDPI_IMAGES = YES;
				CONFIGURATION_BUILD_DIR = "$(PROJECT_DIR)/build/$(CONFIGURATION)";
				DEAD_CODE_STRIPPING = YES;
				EXCLUDED_ARCHS = "";
				GCC_GENERATE_DEBUGGING_SYMBOLS = NO;
				GCC_OPTIMIZATION_LEVEL = 3;
				GCC_PREPROCESSOR_DEFINITIONS = (
					"_NDEBUG=1",
					"NDEBUG=1",
					"JUCER_XCODE_MAC_F6D2F4CF=1",
					"JUCE_APP_VERSION=1.0.0",
					"JUCE_APP_VERSION_HEX=0x10000",
					"JucePlugin_Build_VST=0",
					"JucePlugin_Build_VST3=0",
					"JucePlugin_Build_AU=0",
					"JucePlugin_Build_AUv3=0",
					"JucePlugin_Build_AAX=0",
					"JucePlugin_Build_Standalone=1",
					"JucePlugin_Build_Unity=0",
					"JucePlugin_Build_LV2=0",
				);
				GCC_VERSION = com.apple.compilers.llvm.clang.1_0;
				HEADER_SEARCH_PATHS = (
					"$(HOME)/JUCE/modules/juce_audio_processors/format_types/VST3_SDK",
					"$(SRCROOT)/../../JuceLibraryCode",
					"$(HOME)/JUCE/modules",
					"$(HOME)/JUCE/modules/juce_audio_plugin_client/AU",
					"$(inherited)",
				);
				INFOPLIST_FILE = Info-Standalone_Plugin.plist;
				INFOPLIST_PREPROCESS = NO;
				LLVM_LTO = YES;
				MACOSX_DEPLOYMENT_TARGET = 10.13;
				MTL_HEADER_SEARCH_PATHS = "$(HOME)/JUCE/modules/juce_audio_processors/format_types/VST3_SDK $(SRCROOT)/../../JuceLibraryCode $(HOME)/JUCE/modules $(HOME)/JUCE/modules/juce_audio_plugin_client/AU";
				OTHER_LDFLAGS = "-lMyDelayPlugin";
				PRODUCT_BUNDLE_IDENTIFIER = com.Silver.MyDelayPlugin;
				PRODUCT_NAME = "MyDelayPlugin";
				USE_HEADERMAP = NO;
				VALIDATE_WORKSPACE_SKIPPED_SDK_FRAMEWORKS = OpenGL;
				VALID_ARCHS = "i386 x86_64 arm64 arm64e";
			};
			name = Release;
		};
		6276810415C2C686C4FD3AA2 /* Debug */ = {
			isa = XCBuildConfiguration;
			buildSettings = {
				CLANG_CXX_LANGUAGE_STANDARD = "c++17";
				CLANG_CXX_LIBRARY = "libc++";
				CLANG_LINK_OBJC_RUNTIME = NO;
				COMBINE_HIDPI_IMAGES = YES;
				CONFIGURATION_BUILD_DIR = "$(PROJECT_DIR)/build/$(CONFIGURATION)";
				COPY_PHASE_STRIP = NO;
				EXCLUDED_ARCHS = "";
				GCC_DYNAMIC_NO_PIC = NO;
				GCC_OPTIMIZATION_LEVEL = 0;
				GCC_PREPROCESSOR_DEFINITIONS = (
					"_DEBUG=1",
					"DEBUG=1",
					"JUCER_XCODE_MAC_F6D2F4CF=1",
					"JUCE_APP_VERSION=1.0.0",
					"JUCE_APP_VERSION_HEX=0x10000",
					"JucePlugin_Build_VST=0",
					"JucePlugin_Build_VST3=0",
					"JucePlugin_Build_AU=0",
					"JucePlugin_Build_AUv3=0",
					"JucePlugin_Build_AAX=0",
					"JucePlugin_Build_Standalone=1",
					"JucePlugin_Build_Unity=0",
					"JucePlugin_Build_LV2=0",
				);
				GCC_VERSION = com.apple.compilers.llvm.clang.1_0;
				HEADER_SEARCH_PATHS = (
					"$(HOME)/JUCE/modules/juce_audio_processors/format_types/VST3_SDK",
					"$(SRCROOT)/../../JuceLibraryCode",
					"$(HOME)/JUCE/modules",
					"$(HOME)/JUCE/modules/juce_audio_plugin_client/AU",
					"$(inherited)",
				);
				INFOPLIST_FILE = Info-Standalone_Plugin.plist;
				INFOPLIST_PREPROCESS = NO;
				MACOSX_DEPLOYMENT_TARGET = 10.13;
				MTL_HEADER_SEARCH_PATHS = "$(HOME)/JUCE/modules/juce_audio_processors/format_types/VST3_SDK $(SRCROOT)/../../JuceLibraryCode $(HOME)/JUCE/modules $(HOME)/JUCE/modules/juce_audio_plugin_client/AU";
				OTHER_LDFLAGS = "-lMyDelayPlugin";
				PRODUCT_BUNDLE_IDENTIFIER = com.Silver.MyDelayPlugin;
				PRODUCT_NAME = "MyDelayPlugin";
				USE_HEADERMAP = NO;
				VALIDATE_WORKSPACE_SKIPPED_SDK_FRAMEWORKS = OpenGL;
				VALID_ARCHS = "i386 x86_64 arm64 arm64e";
			};
			name = Debug;
		};
		93199CB5855E3D0D0D007928 /* Debug */ = {
			isa = XCBuildConfiguration;
			buildSettings = {
				CLANG_CXX_LANGUAGE_STANDARD = "c++17";
				CLANG_CXX_LIBRARY = "libc++";
				CLANG_LINK_OBJC_RUNTIME = NO;
				COMBINE_HIDPI_IMAGES = YES;
				CONFIGURATION_BUILD_DIR = "$(PROJECT_DIR)/build/$(CONFIGURATION)";
				COPY_PHASE_STRIP = NO;
				EXCLUDED_ARCHS = "";
				GCC_DYNAMIC_NO_PIC = NO;
				GCC_OPTIMIZATION_LEVEL = 0;
				GCC_PREPROCESSOR_DEFINITIONS = (
					"_DEBUG=1",
					"DEBUG=1",
					"JUCER_XCODE_MAC_F6D2F4CF=1",
					"JUCE_APP_VERSION=1.0.0",
					"JUCE_APP_VERSION_HEX=0x10000",
					"JucePlugin_Build_VST=0",
					"JucePlugin_Build_VST3=1",
					"JucePlugin_Build_AU=0",
					"JucePlugin_Build_AUv3=0",
					"JucePlugin_Build_AAX=0",
					"JucePlugin_Build_Standalone=0",
					"JucePlugin_Build_Unity=0",
					"JucePlugin_Build_LV2=0",
				);
				GCC_VERSION = com.apple.compilers.llvm.clang.1_0;
				GENERATE_PKGINFO_FILE = YES;
				HEADER_SEARCH_PATHS = (
					"$(HOME)/JUCE/modules/juce_audio_processors/format_types/VST3_SDK",
					"$(SRCROOT)/../../JuceLibraryCode",
					"$(HOME)/JUCE/modules",
					"$(HOME)/JUCE/modules/juce_audio_plugin_client/AU",
					"$(inherited)",
				);
				INFOPLIST_FILE = Info-VST3.plist;
				INFOPLIST_PREPROCESS = NO;
				INSTALL_PATH = "$(HOME)/Library/Audio/Plug-Ins/VST3/";
				LIBRARY_STYLE = Bundle;
				MACOSX_DEPLOYMENT_TARGET = 10.13;
				MTL_HEADER_SEARCH_PATHS = "$(HOME)/JUCE/modules/juce_audio_processors/format_types/VST3_SDK $(SRCROOT)/../../JuceLibraryCode $(HOME)/JUCE/modules $(HOME)/JUCE/modules/juce_audio_plugin_client/AU";
				OTHER_LDFLAGS = "-bundle -lMyDelayPlugin";
				PRODUCT_BUNDLE_IDENTIFIER = com.Silver.MyDelayPlugin;
				PRODUCT_NAME = "MyDelayPlugin";
				USE_HEADERMAP = NO;
				VALIDATE_WORKSPACE_SKIPPED_SDK_FRAMEWORKS = OpenGL;
				VALID_ARCHS = "i386 x86_64 arm64 arm64e";
				WRAPPER_EXTENSION = vst3;
			};
			name = Debug;
		};
		A5A5EE2A361184EF4DDEF53E /* Release */ = {
			isa = XCBuildConfiguration;
			buildSettings = {
				ALWAYS_SEARCH_USER_PATHS = NO;
				CLANG_ENABLE_OBJC_WEAK = YES;
				CLANG_WARN_BLOCK_CAPTURE_AUTORELEASING = YES;
				CLANG_WARN_BOOL_CONVERSION = YES;
				CLANG_WARN_COMMA = YES;
				CLANG_WARN_CONSTANT_CONVERSION = YES;
				CLANG_WARN_DEPRECATED_OBJC_IMPLEMENTATIONS = YES;
				CLANG_WARN_EMPTY_BODY = YES;
				CLANG_WARN_ENUM_CONVERSION = YES;
				CLANG_WARN_INFINITE_RECURSION = YES;
				CLANG_WARN_INT_CONVERSION = YES;
				CLANG_WARN_NON_LITERAL_NULL_CONVERSION = YES;
				CLANG_WARN_OBJC_IMPLICIT_RETAIN_SELF = YES;
				CLANG_WARN_OBJC_LITERAL_CONVERSION = YES;
				CLANG_WARN_RANGE_LOOP_ANALYSIS = YES;
				CLANG_WARN_STRICT_PROTOTYPES = YES;
				CLANG_WARN_SUSPICIOUS_MOVE = YES;
				CLANG_WARN_UNREACHABLE_CODE = YES;
				CLANG_WARN__DUPLICATE_METHOD_MATCH = YES;
				DEBUG_INFORMATION_FORMAT = dwarf;
				ENABLE_STRICT_OBJC_MSGSEND = YES;
				ENABLE_TESTABILITY = NO;
				GCC_C_LANGUAGE_STANDARD = c11;
				GCC_INLINES_ARE_PRIVATE_EXTERN = YES;
				GCC_MODEL_TUNING = G5;
				GCC_NO_COMMON_BLOCKS = YES;
				GCC_SYMBOLS_PRIVATE_EXTERN = YES;
				GCC_WARN_64_TO_32_BIT_CONVERSION = YES;
				GCC_WARN_ABOUT_RETURN_TYPE = YES;
				GCC_WARN_CHECK_SWITCH_STATEMENTS = YES;
				GCC_WARN_MISSING_PARENTHESES = YES;
				GCC_WARN_NON_VIRTUAL_DESTRUCTOR = YES;
				GCC_WARN_TYPECHECK_CALLS_TO_PRINTF = YES;
				GCC_WARN_UNDECLARED_SELECTOR = YES;
				GCC_WARN_UNINITIALIZED_AUTOS = YES;
				GCC_WARN_UNUSED_FUNCTION = YES;
				GCC_WARN_UNUSED_VARIABLE = YES;
				OTHER_CODE_SIGN_FLAGS = --timestamp;
				PRODUCT_NAME = "MyDelayPlugin";
				SDKROOT = macosx;
				WARNING_CFLAGS = "-Wreorder";
				ZERO_LINK = NO;
			};
			name = Release;
		};
		B778C2C155E0AB15E90F7E14 /* Release */ = {
			isa = XCBuildConfiguration;
			buildSettings = {
				CLANG_CXX_LANGUAGE_STANDARD = "c++17";
				CLANG_CXX_LIBRARY = "libc++";
				CLANG_LINK_OBJC_RUNTIME = NO;
				COMBINE_HIDPI_IMAGES = YES;
				CONFIGURATION_BUILD_DIR = "$(PROJECT_DIR)/build/$(CONFIGURATION)";
				DEAD_CODE_STRIPPING = YES;
				EXCLUDED_ARCHS = "";
				GCC_GENERATE_DEBUGGING_SYMBOLS = NO;
				GCC_OPTIMIZATION_LEVEL = 3;
				GCC_PREPROCESSOR_DEFINITIONS = (
					"_NDEBUG=1",
					"NDEBUG=1",
					"JUCER_XCODE_MAC_F6D2F4CF=1",
					"JUCE_APP_VERSION=1.0.0",
					"JUCE_APP_VERSION_HEX=0x10000",
					"JucePlugin_Build_VST=0",
					"JucePlugin_Build_VST3=0",
					"JucePlugin_Build_AU=0",
					"JucePlugin_Build_AUv3=0",
					"JucePlugin_Build_AAX=0",
					"JucePlugin_Build_Standalone=0",
					"JucePlugin_Build_Unity=0",
					"JucePlugin_Build_LV2=0",
				);
				GCC_VERSION = com.apple.compilers.llvm.clang.1_0;
				HEADER_SEARCH_PATHS = (
					"$(HOME)/JUCE/modules/juce_audio_processors/format_types/VST3_SDK",
					"$(SRCROOT)/../../JuceLibraryCode",
					"$(HOME)/JUCE/modules",
					"$(HOME)/JUCE/modules/juce_audio_plugin_client/AU",
					"$(inherited)",
				);
				INFOPLIST_FILE = Info-VST3_Manifest_Helper.plist;
				INFOPLIST_PREPROCESS = NO;
				LLVM_LTO = YES;
				MACOSX_DEPLOYMENT_TARGET = 10.13;
				MTL_HEADER_SEARCH_PATHS = "$(HOME)/JUCE/modules/juce_audio_processors/format_types/VST3_SDK $(SRCROOT)/../../JuceLibraryCode $(HOME)/JUCE/modules $(HOME)/JUCE/modules/juce_audio_plugin_client/AU";
				PRODUCT_BUNDLE_IDENTIFIER = com.Silver.MyDelayPlugin;
				PRODUCT_NAME = "juce_vst3_helper";
				USE_HEADERMAP = NO;
				VALIDATE_WORKSPACE_SKIPPED_SDK_FRAMEWORKS = OpenGL;
				VALID_ARCHS = "i386 x86_64 arm64 arm64e";
			};
			name = Release;
		};
		B7B820434E6F4A830AAA993E /* Release */ = {
			isa = XCBuildConfiguration;
			buildSettings = {
				CLANG_CXX_LANGUAGE_STANDARD = "c++17";
				CLANG_CXX_LIBRARY = "libc++";
				CLANG_LINK_OBJC_RUNTIME = NO;
				COMBINE_HIDPI_IMAGES = YES;
				CONFIGURATION_BUILD_DIR = "$(PROJECT_DIR)/build/$(CONFIGURATION)";
				DEAD_CODE_STRIPPING = YES;
				EXCLUDED_ARCHS = "";
				GCC_GENERATE_DEBUGGING_SYMBOLS = NO;
				GCC_OPTIMIZATION_LEVEL = 3;
				GCC_PREPROCESSOR_DEFINITIONS = (
					"_NDEBUG=1",
					"NDEBUG=1",
					"JUCER_XCODE_MAC_F6D2F4CF=1",
					"JUCE_APP_VERSION=1.0.0",
					"JUCE_APP_VERSION_HEX=0x10000",
					"JucePlugin_Build_VST=0",
					"JucePlugin_Build_VST3=1",
					"JucePlugin_Build_AU=0",
					"JucePlugin_Build_AUv3=0",
					"JucePlugin_Build_AAX=0",
					"JucePlugin_Build_Standalone=0",
					"JucePlugin_Build_Unity=0",
					"JucePlugin_Build_LV2=0",
				);
				GCC_VERSION = com.apple.compilers.llvm.clang.1_0;
				GENERATE_PKGINFO_FILE = YES;
				HEADER_SEARCH_PATHS = (
					"$(HOME)/JUCE/modules/juce_audio_processors/format_types/VST3_SDK",
					"$(SRCROOT)/../../JuceLibraryCode",
					"$(HOME)/JUCE/modules",
					"$(HOME)/JUCE/modules/juce_audio_plugin_client/AU",
					"$(inherited)",
				);
				INFOPLIST_FILE = Info-VST3.plist;
				INFOPLIST_PREPROCESS = NO;
				INSTALL_PATH = "$(HOME)/Library/Audio/Plug-Ins/VST3/";
				LIBRARY_STYLE = Bundle;
				LLVM_LTO = YES;
				MACOSX_DEPLOYMENT_TARGET = 10.13;
				MTL_HEADER_SEARCH_PATHS = "$(HOME)/JUCE/modules/juce_audio_processors/format_types/VST3_SDK $(SRCROOT)/../../JuceLibraryCode $(HOME)/JUCE/modules $(HOME)/JUCE/modules/juce_audio_plugin_client/AU";
				OTHER_LDFLAGS = "-bundle -lMyDelayPlugin";
				PRODUCT_BUNDLE_IDENTIFIER = com.Silver.MyDelayPlugin;
				PRODUCT_NAME = "MyDelayPlugin";
				USE_HEADERMAP = NO;
				VALIDATE_WORKSPACE_SKIPPED_SDK_FRAMEWORKS = OpenGL;
				VALID_ARCHS = "i386 x86_64 arm64 arm64e";
				WRAPPER_EXTENSION = vst3;
			};
			name = Release;
		};
		CC0A1E405CDA59861BD00112 /* Release */ = {
			isa = XCBuildConfiguration;
			buildSettings = {
				MACOSX_DEPLOYMENT_TARGET = 10.13;
				SDKROOT = macosx;
			};
			name = Release;
		};
		D531B149FE7CD66E15B082B9 /* Release */ = {
			isa = XCBuildConfiguration;
			buildSettings = {
				CLANG_CXX_LANGUAGE_STANDARD = "c++17";
				CLANG_CXX_LIBRARY = "libc++";
				CLANG_LINK_OBJC_RUNTIME = NO;
				COMBINE_HIDPI_IMAGES = YES;
				CONFIGURATION_BUILD_DIR = "$(PROJECT_DIR)/build/$(CONFIGURATION)";
				DEAD_CODE_STRIPPING = YES;
				EXCLUDED_ARCHS = "";
				GCC_GENERATE_DEBUGGING_SYMBOLS = NO;
				GCC_OPTIMIZATION_LEVEL = 3;
				GCC_PREPROCESSOR_DEFINITIONS = (
					"_NDEBUG=1",
					"NDEBUG=1",
					"JUCER_XCODE_MAC_F6D2F4CF=1",
					"JUCE_APP_VERSION=1.0.0",
					"JUCE_APP_VERSION_HEX=0x10000",
					"JucePlugin_Build_VST=0",
					"JucePlugin_Build_VST3=1",
					"JucePlugin_Build_AU=1",
					"JucePlugin_Build_AUv3=0",
					"JucePlugin_Build_AAX=0",
					"JucePlugin_Build_Standalone=1",
					"JucePlugin_Build_Unity=0",
					"JucePlugin_Build_LV2=0",
					"JUCE_SHARED_CODE=1",
				);
				GCC_VERSION = com.apple.compilers.llvm.clang.1_0;
				HEADER_SEARCH_PATHS = (
					"$(HOME)/JUCE/modules/juce_audio_processors/format_types/VST3_SDK",
					"$(SRCROOT)/../../JuceLibraryCode",
					"$(HOME)/JUCE/modules",
					"$(HOME)/JUCE/modules/juce_audio_plugin_client/AU",
					"$(inherited)",
				);
				INSTALL_PATH = "@executable_path/../Frameworks";
				LLVM_LTO = YES;
				MACOSX_DEPLOYMENT_TARGET = 10.13;
				MTL_HEADER_SEARCH_PATHS = "$(HOME)/JUCE/modules/juce_audio_processors/format_types/VST3_SDK $(SRCROOT)/../../JuceLibraryCode $(HOME)/JUCE/modules $(HOME)/JUCE/modules/juce_audio_plugin_client/AU";
				PRODUCT_BUNDLE_IDENTIFIER = com.Silver.MyDelayPlugin;
				PRODUCT_NAME = "MyDelayPlugin";
				SKIP_INSTALL = YES;
				USE_HEADERMAP = NO;
				VALIDATE_WORKSPACE_SKIPPED_SDK_FRAMEWORKS = OpenGL;
				VALID_ARCHS = "i386 x86_64 arm64 arm64e";
			};
			name = Release;
		};
/* End XCBuildConfiguration section */

/* Begin XCConfigurationList section */
		472FFBEED650DFCE828CAC4C = {
			isa = XCConfigurationList;
			buildConfigurations = (
				3C53AB2F11C47BDCA71C50C1,
				D531B149FE7CD66E15B082B9,
			);
			defaultConfigurationIsVisible = 0;
			defaultConfigurationName = Debug;
		};
		4749C2B7688A45E61B62C0D3 = {
			isa = XCConfigurationList;
			buildConfigurations = (
				6276810415C2C686C4FD3AA2,
				424F7A83B3B9FD279EBC054C,
			);
			defaultConfigurationIsVisible = 0;
			defaultConfigurationName = Debug;
		};
		5A35C0061844ECB1E1C2AD60 = {
			isa = XCConfigurationList;
			buildConfigurations = (
				3F7C90B7587920C5A376F09E,
				A5A5EE2A361184EF4DDEF53E,
			);
			defaultConfigurationIsVisible = 0;
			defaultConfigurationName = Debug;
		};
		B8259F1502AE58C60D58DFB8 = {
			isa = XCConfigurationList;
			buildConfigurations = (
				93199CB5855E3D0D0D007928,
				B7B820434E6F4A830AAA993E,
			);
			defaultConfigurationIsVisible = 0;
			defaultConfigurationName = Debug;
		};
		C1B7F3D50EDF272C2FC440D7 = {
			isa = XCConfigurationList;
			buildConfigurations = (
				05D5D680EFBEFDDF3E6EDC19,
				B778C2C155E0AB15E90F7E14,
			);
			defaultConfigurationIsVisible = 0;
			defaultConfigurationName = Debug;
		};
		CA2473A636E511FC97145F55 = {
			isa = XCConfigurationList;
			buildConfigurations = (
				3CB9DDFDC1CC3ED2A1E2D98C,
				CC0A1E405CDA59861BD00112,
			);
			defaultConfigurationIsVisible = 0;
			defaultConfigurationName = Debug;
		};
		DB77239EB59A282795DBEFD7 = {
			isa = XCConfigurationList;
			buildConfigurations = (
				020985AAFAD9DDCB10337956,
				415A9F19BB4BB6562ABD4618,
			);
			defaultConfigurationIsVisible = 0;
			defaultConfigurationName = Debug;
		};
/* End XCConfigurationList section */
	};
	rootObject = 78E1C59EB39652857138029D /* Project object */;
}
